// !$*UTF8*$!
{
	archiveVersion = 1;
	classes = {
	};
	objectVersion = 77;
	objects = {

/* Begin PBXBuildFile section */
		0055D51F8BD23898CBE4228A /* WHOISToolViewModel.swift in Sources */ = {isa = PBXBuildFile; fileRef = CEDECC888A595D0072CFCCDD /* WHOISToolViewModel.swift */; };
		02F1D11D8040B5ABE82A311B /* GatewayService.swift in Sources */ = {isa = PBXBuildFile; fileRef = 11ECEB0143FB17F5EE8C4EB4 /* GatewayService.swift */; };
		0339F8A0415336098C06AF55 /* ConnectionSettingsSection.swift in Sources */ = {isa = PBXBuildFile; fileRef = 6DA713685A5D01F84A2D34A6 /* ConnectionSettingsSection.swift */; };
		040D7C9436AF7952FF0DF1B8 /* DeviceNameResolver.swift in Sources */ = {isa = PBXBuildFile; fileRef = D152B7122837F9AC51842F34 /* DeviceNameResolver.swift */; };
		07525B1F5935E5275173558F /* BonjourDiscoveryToolView.swift in Sources */ = {isa = PBXBuildFile; fileRef = E8EF1F6838D25BB110551ABB /* BonjourDiscoveryToolView.swift */; };
		0769624BDF7041B7D5BCC090 /* StatisticsService.swift in Sources */ = {isa = PBXBuildFile; fileRef = 96CAA6CB710E490DF3D17465 /* StatisticsService.swift */; };
		07AC9FAE35CF72270CED8F2B /* GlassCard.swift in Sources */ = {isa = PBXBuildFile; fileRef = 431FA615915AAEDF20F196DC /* GlassCard.swift */; };
		0851A80ABC19553C1B783B24 /* ShellPingParserTests.swift in Sources */ = {isa = PBXBuildFile; fileRef = C7F5029903C114F43AD8F523 /* ShellPingParserTests.swift */; };
		097A650172E9B2C29CF796B3 /* MenuBarCommands.swift in Sources */ = {isa = PBXBuildFile; fileRef = 9FCDC97BB9134866F737D36C /* MenuBarCommands.swift */; };
		0A91865357171E9AB13C6E3D /* DataSettingsView.swift in Sources */ = {isa = PBXBuildFile; fileRef = A250E7592344D3DD67910685 /* DataSettingsView.swift */; };
		0AA7514D54E6807C05B93492 /* GeneralSettingsView.swift in Sources */ = {isa = PBXBuildFile; fileRef = F6D260F565079AC63677DCB7 /* GeneralSettingsView.swift */; };
		0AC79B50B27FC4E46F840E0A /* NotificationSettingsView.swift in Sources */ = {isa = PBXBuildFile; fileRef = 1FAACF4F8C8254A71D95D10E /* NotificationSettingsView.swift */; };
		0C10A0C43E7227793151C643 /* GatewayInfoCard.swift in Sources */ = {isa = PBXBuildFile; fileRef = CB2FB492B725F8BD55638731 /* GatewayInfoCard.swift */; };
		0CD56C70CFF8CBC0519F6B09 /* NetworkScanKit in Frameworks */ = {isa = PBXBuildFile; productRef = 388FA7FB80CF030C402B66D5 /* NetworkScanKit */; };
		108FB9030E26AEF7FC42E5CA /* Theme.swift in Sources */ = {isa = PBXBuildFile; fileRef = 2DBF9FC031FCDD455C699F85 /* Theme.swift */; };
		11F9D548CD3803D22AACED4B /* ColorExtension.swift in Sources */ = {isa = PBXBuildFile; fileRef = 0C54539A07BDA0DD3A962299 /* ColorExtension.swift */; };
		149760505993AD328F8B9B66 /* TCPMonitorService.swift in Sources */ = {isa = PBXBuildFile; fileRef = E87FC6613ED347223FA691D0 /* TCPMonitorService.swift */; };
		15074347191F7CA1E119CE79 /* ICMPMonitorService.swift in Sources */ = {isa = PBXBuildFile; fileRef = 1E3F3A93C15C01F45D8E37D2 /* ICMPMonitorService.swift */; };
		190838A3E12806448FE26392 /* SettingsView.swift in Sources */ = {isa = PBXBuildFile; fileRef = 8650B3D9EC5CDB844E93B843 /* SettingsView.swift */; };
		194EE73D3283999F3304585E /* DeviceDetailView.swift in Sources */ = {isa = PBXBuildFile; fileRef = DCDA399D48F75F6B320DA095 /* DeviceDetailView.swift */; };
		21029659A5E393FF4BE5174A /* WHOISToolViewModelTests.swift in Sources */ = {isa = PBXBuildFile; fileRef = 0C16AD1D5A29DB71D72A39D4 /* WHOISToolViewModelTests.swift */; };
		2330438B644B8CF9BB92653B /* ShellPingService.swift in Sources */ = {isa = PBXBuildFile; fileRef = 6EE294C34E0DD9F4AB70452D /* ShellPingService.swift */; };
		241A2654079777D121F0EB93 /* NetworkMapViewModel.swift in Sources */ = {isa = PBXBuildFile; fileRef = 6FDAF5C6CCC826144F4C40C1 /* NetworkMapViewModel.swift */; };
		25860CEF3284B9B3375ED175 /* MenuBarController.swift in Sources */ = {isa = PBXBuildFile; fileRef = C415295A040809C20DB62832 /* MenuBarController.swift */; };
		26305CE06BC04D36606602D9 /* WiFiInfoService.swift in Sources */ = {isa = PBXBuildFile; fileRef = 3FE1A85A0AC80D9B08D16B53 /* WiFiInfoService.swift */; };
		26D987DF605D304854BB2D3A /* ContinuationTracker.swift in Sources */ = {isa = PBXBuildFile; fileRef = 088D4FC2A90AF0ADBFF9955B /* ContinuationTracker.swift */; };
		29799117EC4104E4510D2AF8 /* ToolInputField.swift in Sources */ = {isa = PBXBuildFile; fileRef = 28840E366E12B65E3AAD7F2E /* ToolInputField.swift */; };
		2A7BBACFA21F038977E630C0 /* iOSMockServices.swift in Sources */ = {isa = PBXBuildFile; fileRef = 2C07EEFC585E7926EC1103D7 /* iOSMockServices.swift */; };
		2B73ACAF4F9968979D32807D /* PortScannerToolView.swift in Sources */ = {isa = PBXBuildFile; fileRef = BE1FDACEF3393A09F365EEB4 /* PortScannerToolView.swift */; };
		2B84319D1809595E2FE1F6E1 /* SharedServices.swift in Sources */ = {isa = PBXBuildFile; fileRef = 1E4BCAE06DD86235A4D27BA1 /* SharedServices.swift */; };
		301CC08213317321977AB139 /* MonitoringSession.swift in Sources */ = {isa = PBXBuildFile; fileRef = CFCF80A32B7899970DFA3C3B /* MonitoringSession.swift */; };
		30EBD9CDD0FE403E1E756338 /* NetMonitorCore in Frameworks */ = {isa = PBXBuildFile; productRef = 10413F37B7E14DFA43ECEFC4 /* NetMonitorCore */; };
		310BA7BFB9EF86D0917DA6F7 /* NetworkMapViewModelTests.swift in Sources */ = {isa = PBXBuildFile; fileRef = EDCF0E7F7BD33CA4B909385C /* NetworkMapViewModelTests.swift */; };
		34402C29A62FFE42C44A8B1D /* ContentView.swift in Sources */ = {isa = PBXBuildFile; fileRef = 101F26E4BECFFBFB3797E920 /* ContentView.swift */; };
		361DED4620A404010182B2AC /* ContinuationTrackerTests.swift in Sources */ = {isa = PBXBuildFile; fileRef = 8D107F4C12376D4879B4F5D4 /* ContinuationTrackerTests.swift */; };
		371835A1F5DEBECB8B370DBE /* ToolClearButton.swift in Sources */ = {isa = PBXBuildFile; fileRef = 6EBC131061CB2EF8420343A0 /* ToolClearButton.swift */; };
		39530BBB571E24F123543EC2 /* PublicIPService.swift in Sources */ = {isa = PBXBuildFile; fileRef = F5FB4FB0D3D64F7724CB521D /* PublicIPService.swift */; };
		3991CE1F8A27D1664119ED50 /* WakeOnLANToolViewModelTests.swift in Sources */ = {isa = PBXBuildFile; fileRef = F3F836FFF7AB7CE62A5F3CBD /* WakeOnLANToolViewModelTests.swift */; };
		3C0465890341EF643095BBF9 /* ToolRunButton.swift in Sources */ = {isa = PBXBuildFile; fileRef = 7EED0AE800C74EEAF77F9DF5 /* ToolRunButton.swift */; };
		3DC5C0E092864EB34F5FB283 /* AddTargetSheet.swift in Sources */ = {isa = PBXBuildFile; fileRef = FEA56070D9F03D65EA3EC10D /* AddTargetSheet.swift */; };
		3DCD3D682BC9AEF8B4C0AA09 /* SchemaV1.swift in Sources */ = {isa = PBXBuildFile; fileRef = EA2FB79A16ADB85CC5B45664 /* SchemaV1.swift */; };
		3E88AC49C2A878AB1006661D /* TargetStatisticsView.swift in Sources */ = {isa = PBXBuildFile; fileRef = C4E17B0FBE23722518BB7D7B /* TargetStatisticsView.swift */; };
		40F4B26744E22BB9A735228A /* PreviewContainer.swift in Sources */ = {isa = PBXBuildFile; fileRef = 7BF7C922251F0E504329BC7E /* PreviewContainer.swift */; };
		43224005F1DAA6CA62DC7826 /* PortScannerToolViewModelTests.swift in Sources */ = {isa = PBXBuildFile; fileRef = EA00C4C5EBE0D3D8E1D9B806 /* PortScannerToolViewModelTests.swift */; };
		440037C2034642687BC2008D /* ToolSheetContainer.swift in Sources */ = {isa = PBXBuildFile; fileRef = 48BCFA31621CBE1AB7043B1E /* ToolSheetContainer.swift */; };
		443BBA7B98165E5ADF205569 /* PortScannerToolViewModel.swift in Sources */ = {isa = PBXBuildFile; fileRef = 83FE883399BD31C021DC7BEF /* PortScannerToolViewModel.swift */; };
		4535749A6ABEA495B758D569 /* BonjourDiscoveryToolViewModelTests.swift in Sources */ = {isa = PBXBuildFile; fileRef = 9E2DDEE169D6930C49B355DF /* BonjourDiscoveryToolViewModelTests.swift */; };
		46A2AA640F5B4C1E7ED80A14 /* ToolsView.swift in Sources */ = {isa = PBXBuildFile; fileRef = 3FF4F9ADB872CDB93DAA9636 /* ToolsView.swift */; };
		4742A7592B450248C4D6ED08 /* DNSLookupToolView.swift in Sources */ = {isa = PBXBuildFile; fileRef = 1F5198C609C014DE725344B3 /* DNSLookupToolView.swift */; };
		48F7A9075D2952F3E64F7899 /* WHOISToolView.swift in Sources */ = {isa = PBXBuildFile; fileRef = 02D429D7F12642A26F1D2045 /* WHOISToolView.swift */; };
		4937EB6D1A9EBB7B43A1DA48 /* WHOISToolView.swift in Sources */ = {isa = PBXBuildFile; fileRef = 4896033C2D35E7BEF7BE38F4 /* WHOISToolView.swift */; };
		4C606703D8CFF77BAB7C6C3A /* PingToolView.swift in Sources */ = {isa = PBXBuildFile; fileRef = 8C02C598E7B86F34E4C55714 /* PingToolView.swift */; };
		4CC96EA143CB7A03C58AD8FF /* DeviceDetailView.swift in Sources */ = {isa = PBXBuildFile; fileRef = EB1FBBC1DD3CF85853D633F6 /* DeviceDetailView.swift */; };
		4F0B754BE3498779A22DDB1A /* WebBrowserToolView.swift in Sources */ = {isa = PBXBuildFile; fileRef = 98B68963D40A139DE9EF2272 /* WebBrowserToolView.swift */; };
		516EF4009098D3018F255138 /* EnumExtensions.swift in Sources */ = {isa = PBXBuildFile; fileRef = 5E552E75FCB9CC89B03283A8 /* EnumExtensions.swift */; };
		538F4B8343CAE59B2359F496 /* DNSLookupToolView.swift in Sources */ = {isa = PBXBuildFile; fileRef = 9F3EF884CA115169781F6BB5 /* DNSLookupToolView.swift */; };
		556710009414ECC8ED17683B /* NetMonitor_iOSTests.swift in Sources */ = {isa = PBXBuildFile; fileRef = 4B552D58968F75459B0868D2 /* NetMonitor_iOSTests.swift */; };
		5630E28B268BE6A263933DA7 /* LiveDurationView.swift in Sources */ = {isa = PBXBuildFile; fileRef = C65517CC18040007A6BF247D /* LiveDurationView.swift */; };
		569AA70CC9C916BD5CD0F18C /* WakeOnLANToolViewModel.swift in Sources */ = {isa = PBXBuildFile; fileRef = 417305C569EB2774490CA2BB /* WakeOnLANToolViewModel.swift */; };
		5903179C79905B94BE133117 /* NetworkMapView.swift in Sources */ = {isa = PBXBuildFile; fileRef = 3AE6880C9259B5E5AD514989 /* NetworkMapView.swift */; };
		5A2C35B8FC5D5AA70DAC1BCC /* NetmonitorApp.swift in Sources */ = {isa = PBXBuildFile; fileRef = 70325EC83FD1A8358DB60D64 /* NetmonitorApp.swift */; };
		5B741E94E2272DCF651DA501 /* ShellCommandRunner.swift in Sources */ = {isa = PBXBuildFile; fileRef = C8CC68CA1629217A3CE5A80F /* ShellCommandRunner.swift */; };
		5BA0F5A4D9C7E3031154A0C4 /* WakeOnLANToolView.swift in Sources */ = {isa = PBXBuildFile; fileRef = 2E04C865578218E23F28F978 /* WakeOnLANToolView.swift */; };
		5CBC25455BD53E05AF8525E6 /* MacPairingView.swift in Sources */ = {isa = PBXBuildFile; fileRef = 18300B34F5E90EE2E552E8E5 /* MacPairingView.swift */; };
		5D4B058BFA8125C350ADBB50 /* DevicesView.swift in Sources */ = {isa = PBXBuildFile; fileRef = C3E66364D030234E1B45A6BA /* DevicesView.swift */; };
		629AADAEB92375F95E754952 /* AppearanceEnvironment.swift in Sources */ = {isa = PBXBuildFile; fileRef = D43B91C6C0FC9D62E3100938 /* AppearanceEnvironment.swift */; };
		63B3CFDA4B5D45D8F95E7C9A /* TargetManager.swift in Sources */ = {isa = PBXBuildFile; fileRef = 1280084A1B0D74730547A6EB /* TargetManager.swift */; };
		68D9A9FF7937E73FE6F19BAF /* NetMonitorApp.swift in Sources */ = {isa = PBXBuildFile; fileRef = 756B774BD29446B68DEA41E3 /* NetMonitorApp.swift */; };
		699CF6B268AB30284754AF82 /* BonjourBrowserToolView.swift in Sources */ = {isa = PBXBuildFile; fileRef = DCC7296D189AA643DC92B5CF /* BonjourBrowserToolView.swift */; };
		6BAD6EDD7B3B66636B4FB6CA /* WakeOnLanActionTests.swift in Sources */ = {isa = PBXBuildFile; fileRef = 7FEBEA87C402A3FB6AB1C6C5 /* WakeOnLanActionTests.swift */; };
		6DC157EE440BBCA2DF330049 /* ThemeTests.swift in Sources */ = {isa = PBXBuildFile; fileRef = 839A8CA84224C1AB94D4209C /* ThemeTests.swift */; };
		6EB5085FAF3E0BF2D8A781D3 /* DashboardView.swift in Sources */ = {isa = PBXBuildFile; fileRef = 87C68BBDE6DB8F7C4E446FEE /* DashboardView.swift */; };
		704495B08284EF7410FEA601 /* AppearanceSettingsView.swift in Sources */ = {isa = PBXBuildFile; fileRef = 4FAA2A8A1F011FBCFA824E15 /* AppearanceSettingsView.swift */; };
		72E137FE98FFCEB9477A7085 /* DashboardViewModelTests.swift in Sources */ = {isa = PBXBuildFile; fileRef = 20D7904358AD4EFE10410C4C /* DashboardViewModelTests.swift */; };
		7421E791C59575EAB33FD145 /* DataMaintenanceService.swift in Sources */ = {isa = PBXBuildFile; fileRef = 2ABF8651A3EB16DD9B71D2A6 /* DataMaintenanceService.swift */; };
		75D12772A3AB65312C865EA3 /* PingToolViewModel.swift in Sources */ = {isa = PBXBuildFile; fileRef = 65DD482FB958FC0A76B656CE /* PingToolViewModel.swift */; };
		77CED50CD8072ED9B9F87EC4 /* DeviceDiscoveryCoordinator.swift in Sources */ = {isa = PBXBuildFile; fileRef = 1CA8D556A3CF18E6815DD8AC /* DeviceDiscoveryCoordinator.swift */; };
		786B256BFD473DBD6DE896B2 /* ThemeManager.swift in Sources */ = {isa = PBXBuildFile; fileRef = C6CBE58C2938DC79DF670A35 /* ThemeManager.swift */; };
		798AB782C2BDB4F99E17ED89 /* TargetsView.swift in Sources */ = {isa = PBXBuildFile; fileRef = C48B63C3B6047CA905960844 /* TargetsView.swift */; };
		798F8FBF6A740CBFC37B2E2C /* ToolsViewModel.swift in Sources */ = {isa = PBXBuildFile; fileRef = 800862C95652A6E5E6BE1CE5 /* ToolsViewModel.swift */; };
		79C76304B2BD1F2048134BF3 /* ToolStatisticsCard.swift in Sources */ = {isa = PBXBuildFile; fileRef = CA68C9F028D615CA0BC8C90D /* ToolStatisticsCard.swift */; };
		7AEA2BCE64EF585A1AB3CB8E /* ISPInfoCard.swift in Sources */ = {isa = PBXBuildFile; fileRef = 0B79A3A0A3F055B6A4553A0C /* ISPInfoCard.swift */; };
		7F687E2AC8DF228885E5FCE3 /* NetMonitor_macOSTests.swift in Sources */ = {isa = PBXBuildFile; fileRef = 1ED30F91ABCADD39A629C18A /* NetMonitor_macOSTests.swift */; };
		81A7E24923789CEB591B26C2 /* SpeedTestToolView.swift in Sources */ = {isa = PBXBuildFile; fileRef = 824214C53D0723B326A18CEF /* SpeedTestToolView.swift */; };
		85EE6279FE466C8293D9C413 /* DeviceDetailViewModel.swift in Sources */ = {isa = PBXBuildFile; fileRef = 91D34A17E8BFC3829CC161AA /* DeviceDetailViewModel.swift */; };
		87073AF5E1F7C32B62C3286E /* BonjourDiscoveryToolViewModel.swift in Sources */ = {isa = PBXBuildFile; fileRef = C5BC316F3DB96C6B180E0814 /* BonjourDiscoveryToolViewModel.swift */; };
		8A05FC84D8DE655C0A4DD50C /* DNSLookupToolViewModelTests.swift in Sources */ = {isa = PBXBuildFile; fileRef = 9D2CF1E0E2108306BD4F4953 /* DNSLookupToolViewModelTests.swift */; };
		8A2B73CB46EEE33E55704BCA /* MenuBarPopoverView.swift in Sources */ = {isa = PBXBuildFile; fileRef = C7992370AD2AA142027C6DF3 /* MenuBarPopoverView.swift */; };
		8B9BC2466AACD7E261F5E8CC /* GlassButton.swift in Sources */ = {isa = PBXBuildFile; fileRef = D33FA8CEF889C0CD95DE23EF /* GlassButton.swift */; };
		8CEE50A29FC6943DE98EABC3 /* WakeOnLanToolView.swift in Sources */ = {isa = PBXBuildFile; fileRef = 38B2842ECC13155C42B01207 /* WakeOnLanToolView.swift */; };
		8E49595DB6E4ED2E0C4DDEF1 /* HTTPMonitorService.swift in Sources */ = {isa = PBXBuildFile; fileRef = 9397061B694F2821A01D1805 /* HTTPMonitorService.swift */; };
		8F7A9368E876A861DAE933F1 /* DeviceListView.swift in Sources */ = {isa = PBXBuildFile; fileRef = 87D31E0912E4D4C961789D8F /* DeviceListView.swift */; };
		910D3D44366C735C9602B17E /* NetworkScanKit in Frameworks */ = {isa = PBXBuildFile; productRef = C0F47FE6FA4E6294CF46C936 /* NetworkScanKit */; };
		917220E28C0956215C93CDD0 /* DataExportService.swift in Sources */ = {isa = PBXBuildFile; fileRef = F5A0A2582C0B7312FA42748E /* DataExportService.swift */; };
		9462D6AE8EBCC169F9F86831 /* StatusBadge.swift in Sources */ = {isa = PBXBuildFile; fileRef = EE0A10C8D0A4922F6690C62B /* StatusBadge.swift */; };
		9AE5E98F27DA000B44CDB1B5 /* NetworkInfoServiceTests.swift in Sources */ = {isa = PBXBuildFile; fileRef = D7A77B858DA3EAB8AF92F698 /* NetworkInfoServiceTests.swift */; };
		9C2FC4CCB191BA03BD340929 /* SettingsViewModelTests.swift in Sources */ = {isa = PBXBuildFile; fileRef = 5F792E6868E8E959ECCF16A5 /* SettingsViewModelTests.swift */; };
		9FF84B2FC67682AE1B9D9E52 /* CompanionMessageHandler.swift in Sources */ = {isa = PBXBuildFile; fileRef = F436BAF9158F25E0D29BF95C /* CompanionMessageHandler.swift */; };
		A094C7BA06EC5672908FC6AD /* ConnectionInfoCard.swift in Sources */ = {isa = PBXBuildFile; fileRef = 383FA50DFE0EA7F9EF69192B /* ConnectionInfoCard.swift */; };
		AAA4FFC237B612D2669BD194 /* MacConnectionService.swift in Sources */ = {isa = PBXBuildFile; fileRef = 2224DE47C4DB83B5ED7E474B /* MacConnectionService.swift */; };
		AAF35FC2E47B9088503B00FF /* Logging.swift in Sources */ = {isa = PBXBuildFile; fileRef = 902FDF34A4DD511DF5326DA1 /* Logging.swift */; };
		ACC95524FDB6D069334A6DE6 /* MacNetworkMonitor.swift in Sources */ = {isa = PBXBuildFile; fileRef = E3DE27495CAFD0EF97D63222 /* MacNetworkMonitor.swift */; };
		ACC9E2AAC225ACE46FFA7690 /* NetworkScanKit in Frameworks */ = {isa = PBXBuildFile; productRef = 8887BED82A4320C8CAFBA574 /* NetworkScanKit */; };
		AE0BFBDBD49196ABF777518B /* DefaultTargetsProvider.swift in Sources */ = {isa = PBXBuildFile; fileRef = A7191F3156FFC451BBDAA904 /* DefaultTargetsProvider.swift */; };
		B115BF5D739E30DCE0B42104 /* CompanionSettingsView.swift in Sources */ = {isa = PBXBuildFile; fileRef = 2C8545002C8292919E27080D /* CompanionSettingsView.swift */; };
		B215F1978E6F4EF994AB9B13 /* DefaultTargetsProviderTests.swift in Sources */ = {isa = PBXBuildFile; fileRef = 18594F466B7F7B0935132FD2 /* DefaultTargetsProviderTests.swift */; };
		B35A964B779E100AE621D5CA /* ToolsView.swift in Sources */ = {isa = PBXBuildFile; fileRef = 9A1AB5AF130A23C56CBDDD00 /* ToolsView.swift */; };
		B90A3DA2C8AC570A246AC885 /* PortScannerToolView.swift in Sources */ = {isa = PBXBuildFile; fileRef = 5895DED1FC083716813EB576 /* PortScannerToolView.swift */; };
		BAE8F795EC272A7D31CEE82C /* DashboardViewModel.swift in Sources */ = {isa = PBXBuildFile; fileRef = 7F7EC6402D2DF48B18A56FB6 /* DashboardViewModel.swift */; };
		BCFFD1BAF88C94F8A8316F0A /* ISPLookupService.swift in Sources */ = {isa = PBXBuildFile; fileRef = 3FFF84B44EBFDC371781AB17 /* ISPLookupService.swift */; };
		C488DACDF755323BFB59DB28 /* SidebarView.swift in Sources */ = {isa = PBXBuildFile; fileRef = 5D120A76A37530C1E2F3D67A /* SidebarView.swift */; };
		C557FD376DC02C0FFF46E49A /* PingToolViewModelTests.swift in Sources */ = {isa = PBXBuildFile; fileRef = 188CE56C7F99450209487467 /* PingToolViewModelTests.swift */; };
		C79AA5C890E1B26523168091 /* TracerouteToolView.swift in Sources */ = {isa = PBXBuildFile; fileRef = B36F41C60900EB945E888E23 /* TracerouteToolView.swift */; };
		CD3296C39EEED39B4AEF5FE1 /* EmptyStateView.swift in Sources */ = {isa = PBXBuildFile; fileRef = 2318C9AFCEE31C60D3E14516 /* EmptyStateView.swift */; };
		CED8C09278160415AEDA9EC4 /* QuickStatsBar.swift in Sources */ = {isa = PBXBuildFile; fileRef = 2B44E93C75BD9748EA78E9EB /* QuickStatsBar.swift */; };
		D17CB2AACF029D603F8B3375 /* NetMonitorCore in Frameworks */ = {isa = PBXBuildFile; productRef = 14829B830C3C5DDA15673A6B /* NetMonitorCore */; };
		D28E60CDEB397AC57415859E /* SpeedTestToolViewModelTests.swift in Sources */ = {isa = PBXBuildFile; fileRef = 9C8EFF5761E9E21BEF9DA9BF /* SpeedTestToolViewModelTests.swift */; };
		D2DB215E781C3142A9F91B2E /* AppSettingsTests.swift in Sources */ = {isa = PBXBuildFile; fileRef = 084ADAFF53B1BE144A7AED45 /* AppSettingsTests.swift */; };
		D36D133311A2A1347194DD61 /* WindowOpener.swift in Sources */ = {isa = PBXBuildFile; fileRef = 9CC69E9737C5F7F3278AB73E /* WindowOpener.swift */; };
		D4D3B95726C78BCAC7085754 /* TracerouteToolView.swift in Sources */ = {isa = PBXBuildFile; fileRef = 15CF57CCF80C504B5D2A4F7E /* TracerouteToolView.swift */; };
		D653F4116C56708DB58398CB /* MetricCard.swift in Sources */ = {isa = PBXBuildFile; fileRef = 2C3943143B99D5243073376A /* MetricCard.swift */; };
		D656FAED2994985E6492A7F0 /* MonitoringSettingsView.swift in Sources */ = {isa = PBXBuildFile; fileRef = 7B1453A644715BAF312C8BC1 /* MonitoringSettingsView.swift */; };
		D958E2D0E1D99521492335B0 /* DNSLookupToolViewModel.swift in Sources */ = {isa = PBXBuildFile; fileRef = E26C9F931AD96DF31EB44C9A /* DNSLookupToolViewModel.swift */; };
		DA37A7C2A8FAFD772C93C9A6 /* WakeOnLanAction.swift in Sources */ = {isa = PBXBuildFile; fileRef = 1416864948742E11E4580141 /* WakeOnLanAction.swift */; };
		DBF706693023362544495469 /* CompanionService.swift in Sources */ = {isa = PBXBuildFile; fileRef = 30C2EB59EAE07282EC6C58EF /* CompanionService.swift */; };
		DD662EDF2E1C33972E6BCC58 /* AcknowledgementsView.swift in Sources */ = {isa = PBXBuildFile; fileRef = 0E678FCAC5AC181A1C62585D /* AcknowledgementsView.swift */; };
		DDB9CB792F522B464C563C42 /* BackgroundTaskService.swift in Sources */ = {isa = PBXBuildFile; fileRef = BF59316A7FACA0F164BBDD46 /* BackgroundTaskService.swift */; };
		E21F3C1C933FB5E391921523 /* SettingsView.swift in Sources */ = {isa = PBXBuildFile; fileRef = 87872515F353D25925C60B81 /* SettingsView.swift */; };
		E335213C27FEB11C10DE25F2 /* PingToolView.swift in Sources */ = {isa = PBXBuildFile; fileRef = 7033868846A923840F172297 /* PingToolView.swift */; };
		E4BA4D79DDA79BE868B097C0 /* DashboardView.swift in Sources */ = {isa = PBXBuildFile; fileRef = D2539B293EBB6BAAE8AC9A36 /* DashboardView.swift */; };
		E67A14D4200D3B2A5B267FCB /* SpeedTestToolView.swift in Sources */ = {isa = PBXBuildFile; fileRef = D57A89F7F3F2BDCC7BFD8444 /* SpeedTestToolView.swift */; };
		E746C6FF5CA5D2C37EB2E603 /* TracerouteToolViewModel.swift in Sources */ = {isa = PBXBuildFile; fileRef = F9745FD9482D4F193CBA93FE /* TracerouteToolViewModel.swift */; };
		E85684BBC2BAB6CF1B79E110 /* AppSettings.swift in Sources */ = {isa = PBXBuildFile; fileRef = 5AE1D8C5F900E64248573737 /* AppSettings.swift */; };
		E8B64E3BC3EAFA2983414C2B /* SettingsViewModel.swift in Sources */ = {isa = PBXBuildFile; fileRef = 0F14EF1F24FAD8E279C5F619 /* SettingsViewModel.swift */; };
		EA4B868E587DBDB13D557C1C /* TracerouteToolViewModelTests.swift in Sources */ = {isa = PBXBuildFile; fileRef = 058277C30AAC7BD1D9802427 /* TracerouteToolViewModelTests.swift */; };
		EE0350D8E618851D49CA531A /* ToolResultRow.swift in Sources */ = {isa = PBXBuildFile; fileRef = EA561BD6AF240A98038ED27A /* ToolResultRow.swift */; };
		F2B39A0257A701E3D43D2737 /* NetMonitorCore in Frameworks */ = {isa = PBXBuildFile; productRef = 2444F3328A44BCB7297D4E29 /* NetMonitorCore */; };
		F485CCB7C3EB378B6A319C86 /* ToolsViewModelTests.swift in Sources */ = {isa = PBXBuildFile; fileRef = C8B2E1F20FD28A5768AD703B /* ToolsViewModelTests.swift */; };
		F6C65057555A7B3848C63A35 /* ContentView.swift in Sources */ = {isa = PBXBuildFile; fileRef = BFFFC1B4D003723AC37ADE9E /* ContentView.swift */; };
		F876FC8CDEBBE2D9233FA802 /* StatisticsServiceTests.swift in Sources */ = {isa = PBXBuildFile; fileRef = 9A465B41D381F8398CA152ED /* StatisticsServiceTests.swift */; };
		F9146C66C36F91FBDC836427 /* ARPScannerService.swift in Sources */ = {isa = PBXBuildFile; fileRef = D174F617E200C26B2EDE5E3B /* ARPScannerService.swift */; };
		FD5AC98FD980D7B89B2B3101 /* SpeedTestToolViewModel.swift in Sources */ = {isa = PBXBuildFile; fileRef = 185704DD77179DFE62766E0D /* SpeedTestToolViewModel.swift */; };
		FDE87C90F67B833E55AB9E3E /* NetworkSettingsView.swift in Sources */ = {isa = PBXBuildFile; fileRef = 1512CCF57CA62B5B1CF937A7 /* NetworkSettingsView.swift */; };
		FF16C7008539D9C78DCBB9F5 /* DeviceRowView.swift in Sources */ = {isa = PBXBuildFile; fileRef = BF43C912ACE0DEB478B1BD11 /* DeviceRowView.swift */; };
		FF6898C0C95598DCEB6D50F6 /* NetworkInfoService.swift in Sources */ = {isa = PBXBuildFile; fileRef = 5E8D38F19275D03369E77C3E /* NetworkInfoService.swift */; };
/* End PBXBuildFile section */

/* Begin PBXContainerItemProxy section */
		B281D88E101141DB7F4049F1 /* PBXContainerItemProxy */ = {
			isa = PBXContainerItemProxy;
			containerPortal = 4FB80C4151AD239413B6733F /* Project object */;
			proxyType = 1;
			remoteGlobalIDString = 1F7C65C74B339FCF977C4759;
			remoteInfo = "NetMonitor-macOS";
		};
		E282969DAF3D18AFA509F001 /* PBXContainerItemProxy */ = {
			isa = PBXContainerItemProxy;
			containerPortal = 4FB80C4151AD239413B6733F /* Project object */;
			proxyType = 1;
			remoteGlobalIDString = B151786BC5800BC9BC47A22C;
			remoteInfo = "NetMonitor-iOS";
		};
/* End PBXContainerItemProxy section */

/* Begin PBXFileReference section */
		016F16F5B8551E19BA9B89C0 /* NetMonitorCore */ = {isa = PBXFileReference; lastKnownFileType = folder; name = NetMonitorCore; path = Packages/NetMonitorCore; sourceTree = SOURCE_ROOT; };
		02D429D7F12642A26F1D2045 /* WHOISToolView.swift */ = {isa = PBXFileReference; lastKnownFileType = sourcecode.swift; path = WHOISToolView.swift; sourceTree = "<group>"; };
		040158ED31B51401B56621DB /* NetMonitor-iOS.app */ = {isa = PBXFileReference; includeInIndex = 0; lastKnownFileType = wrapper.application; path = "NetMonitor-iOS.app"; sourceTree = BUILT_PRODUCTS_DIR; };
		058277C30AAC7BD1D9802427 /* TracerouteToolViewModelTests.swift */ = {isa = PBXFileReference; lastKnownFileType = sourcecode.swift; path = TracerouteToolViewModelTests.swift; sourceTree = "<group>"; };
		084ADAFF53B1BE144A7AED45 /* AppSettingsTests.swift */ = {isa = PBXFileReference; lastKnownFileType = sourcecode.swift; path = AppSettingsTests.swift; sourceTree = "<group>"; };
		088D4FC2A90AF0ADBFF9955B /* ContinuationTracker.swift */ = {isa = PBXFileReference; lastKnownFileType = sourcecode.swift; path = ContinuationTracker.swift; sourceTree = "<group>"; };
		0B79A3A0A3F055B6A4553A0C /* ISPInfoCard.swift */ = {isa = PBXFileReference; lastKnownFileType = sourcecode.swift; path = ISPInfoCard.swift; sourceTree = "<group>"; };
		0C16AD1D5A29DB71D72A39D4 /* WHOISToolViewModelTests.swift */ = {isa = PBXFileReference; lastKnownFileType = sourcecode.swift; path = WHOISToolViewModelTests.swift; sourceTree = "<group>"; };
		0C54539A07BDA0DD3A962299 /* ColorExtension.swift */ = {isa = PBXFileReference; lastKnownFileType = sourcecode.swift; path = ColorExtension.swift; sourceTree = "<group>"; };
		0E678FCAC5AC181A1C62585D /* AcknowledgementsView.swift */ = {isa = PBXFileReference; lastKnownFileType = sourcecode.swift; path = AcknowledgementsView.swift; sourceTree = "<group>"; };
		0F14EF1F24FAD8E279C5F619 /* SettingsViewModel.swift */ = {isa = PBXFileReference; lastKnownFileType = sourcecode.swift; path = SettingsViewModel.swift; sourceTree = "<group>"; };
		101F26E4BECFFBFB3797E920 /* ContentView.swift */ = {isa = PBXFileReference; lastKnownFileType = sourcecode.swift; path = ContentView.swift; sourceTree = "<group>"; };
		11ECEB0143FB17F5EE8C4EB4 /* GatewayService.swift */ = {isa = PBXFileReference; lastKnownFileType = sourcecode.swift; path = GatewayService.swift; sourceTree = "<group>"; };
		1280084A1B0D74730547A6EB /* TargetManager.swift */ = {isa = PBXFileReference; lastKnownFileType = sourcecode.swift; path = TargetManager.swift; sourceTree = "<group>"; };
		1416864948742E11E4580141 /* WakeOnLanAction.swift */ = {isa = PBXFileReference; lastKnownFileType = sourcecode.swift; path = WakeOnLanAction.swift; sourceTree = "<group>"; };
		1512CCF57CA62B5B1CF937A7 /* NetworkSettingsView.swift */ = {isa = PBXFileReference; lastKnownFileType = sourcecode.swift; path = NetworkSettingsView.swift; sourceTree = "<group>"; };
		15CF57CCF80C504B5D2A4F7E /* TracerouteToolView.swift */ = {isa = PBXFileReference; lastKnownFileType = sourcecode.swift; path = TracerouteToolView.swift; sourceTree = "<group>"; };
		18300B34F5E90EE2E552E8E5 /* MacPairingView.swift */ = {isa = PBXFileReference; lastKnownFileType = sourcecode.swift; path = MacPairingView.swift; sourceTree = "<group>"; };
		185704DD77179DFE62766E0D /* SpeedTestToolViewModel.swift */ = {isa = PBXFileReference; lastKnownFileType = sourcecode.swift; path = SpeedTestToolViewModel.swift; sourceTree = "<group>"; };
		18594F466B7F7B0935132FD2 /* DefaultTargetsProviderTests.swift */ = {isa = PBXFileReference; lastKnownFileType = sourcecode.swift; path = DefaultTargetsProviderTests.swift; sourceTree = "<group>"; };
		188CE56C7F99450209487467 /* PingToolViewModelTests.swift */ = {isa = PBXFileReference; lastKnownFileType = sourcecode.swift; path = PingToolViewModelTests.swift; sourceTree = "<group>"; };
		1BFA32A2D8AD16EEFF35C181 /* NetMonitor-macOSTests.xctest */ = {isa = PBXFileReference; explicitFileType = wrapper.cfbundle; includeInIndex = 0; path = "NetMonitor-macOSTests.xctest"; sourceTree = BUILT_PRODUCTS_DIR; };
		1CA8D556A3CF18E6815DD8AC /* DeviceDiscoveryCoordinator.swift */ = {isa = PBXFileReference; lastKnownFileType = sourcecode.swift; path = DeviceDiscoveryCoordinator.swift; sourceTree = "<group>"; };
		1E3F3A93C15C01F45D8E37D2 /* ICMPMonitorService.swift */ = {isa = PBXFileReference; lastKnownFileType = sourcecode.swift; path = ICMPMonitorService.swift; sourceTree = "<group>"; };
		1E4BCAE06DD86235A4D27BA1 /* SharedServices.swift */ = {isa = PBXFileReference; lastKnownFileType = sourcecode.swift; path = SharedServices.swift; sourceTree = "<group>"; };
		1ED30F91ABCADD39A629C18A /* NetMonitor_macOSTests.swift */ = {isa = PBXFileReference; lastKnownFileType = sourcecode.swift; path = NetMonitor_macOSTests.swift; sourceTree = "<group>"; };
		1F5198C609C014DE725344B3 /* DNSLookupToolView.swift */ = {isa = PBXFileReference; lastKnownFileType = sourcecode.swift; path = DNSLookupToolView.swift; sourceTree = "<group>"; };
		1FAACF4F8C8254A71D95D10E /* NotificationSettingsView.swift */ = {isa = PBXFileReference; lastKnownFileType = sourcecode.swift; path = NotificationSettingsView.swift; sourceTree = "<group>"; };
		20D7904358AD4EFE10410C4C /* DashboardViewModelTests.swift */ = {isa = PBXFileReference; lastKnownFileType = sourcecode.swift; path = DashboardViewModelTests.swift; sourceTree = "<group>"; };
		2224DE47C4DB83B5ED7E474B /* MacConnectionService.swift */ = {isa = PBXFileReference; lastKnownFileType = sourcecode.swift; path = MacConnectionService.swift; sourceTree = "<group>"; };
		2318C9AFCEE31C60D3E14516 /* EmptyStateView.swift */ = {isa = PBXFileReference; lastKnownFileType = sourcecode.swift; path = EmptyStateView.swift; sourceTree = "<group>"; };
		28840E366E12B65E3AAD7F2E /* ToolInputField.swift */ = {isa = PBXFileReference; lastKnownFileType = sourcecode.swift; path = ToolInputField.swift; sourceTree = "<group>"; };
		2ABF8651A3EB16DD9B71D2A6 /* DataMaintenanceService.swift */ = {isa = PBXFileReference; lastKnownFileType = sourcecode.swift; path = DataMaintenanceService.swift; sourceTree = "<group>"; };
		2B44E93C75BD9748EA78E9EB /* QuickStatsBar.swift */ = {isa = PBXFileReference; lastKnownFileType = sourcecode.swift; path = QuickStatsBar.swift; sourceTree = "<group>"; };
		2C07EEFC585E7926EC1103D7 /* iOSMockServices.swift */ = {isa = PBXFileReference; lastKnownFileType = sourcecode.swift; path = iOSMockServices.swift; sourceTree = "<group>"; };
		2C3943143B99D5243073376A /* MetricCard.swift */ = {isa = PBXFileReference; lastKnownFileType = sourcecode.swift; path = MetricCard.swift; sourceTree = "<group>"; };
		2C8545002C8292919E27080D /* CompanionSettingsView.swift */ = {isa = PBXFileReference; lastKnownFileType = sourcecode.swift; path = CompanionSettingsView.swift; sourceTree = "<group>"; };
		2DBF9FC031FCDD455C699F85 /* Theme.swift */ = {isa = PBXFileReference; lastKnownFileType = sourcecode.swift; path = Theme.swift; sourceTree = "<group>"; };
		2E04C865578218E23F28F978 /* WakeOnLANToolView.swift */ = {isa = PBXFileReference; lastKnownFileType = sourcecode.swift; path = WakeOnLANToolView.swift; sourceTree = "<group>"; };
		30C2EB59EAE07282EC6C58EF /* CompanionService.swift */ = {isa = PBXFileReference; lastKnownFileType = sourcecode.swift; path = CompanionService.swift; sourceTree = "<group>"; };
		383FA50DFE0EA7F9EF69192B /* ConnectionInfoCard.swift */ = {isa = PBXFileReference; lastKnownFileType = sourcecode.swift; path = ConnectionInfoCard.swift; sourceTree = "<group>"; };
		38B2842ECC13155C42B01207 /* WakeOnLanToolView.swift */ = {isa = PBXFileReference; lastKnownFileType = sourcecode.swift; path = WakeOnLanToolView.swift; sourceTree = "<group>"; };
		3AE6880C9259B5E5AD514989 /* NetworkMapView.swift */ = {isa = PBXFileReference; lastKnownFileType = sourcecode.swift; path = NetworkMapView.swift; sourceTree = "<group>"; };
		3FE1A85A0AC80D9B08D16B53 /* WiFiInfoService.swift */ = {isa = PBXFileReference; lastKnownFileType = sourcecode.swift; path = WiFiInfoService.swift; sourceTree = "<group>"; };
		3FF4F9ADB872CDB93DAA9636 /* ToolsView.swift */ = {isa = PBXFileReference; lastKnownFileType = sourcecode.swift; path = ToolsView.swift; sourceTree = "<group>"; };
		3FFF84B44EBFDC371781AB17 /* ISPLookupService.swift */ = {isa = PBXFileReference; lastKnownFileType = sourcecode.swift; path = ISPLookupService.swift; sourceTree = "<group>"; };
		417305C569EB2774490CA2BB /* WakeOnLANToolViewModel.swift */ = {isa = PBXFileReference; lastKnownFileType = sourcecode.swift; path = WakeOnLANToolViewModel.swift; sourceTree = "<group>"; };
		431FA615915AAEDF20F196DC /* GlassCard.swift */ = {isa = PBXFileReference; lastKnownFileType = sourcecode.swift; path = GlassCard.swift; sourceTree = "<group>"; };
		4896033C2D35E7BEF7BE38F4 /* WHOISToolView.swift */ = {isa = PBXFileReference; lastKnownFileType = sourcecode.swift; path = WHOISToolView.swift; sourceTree = "<group>"; };
		48BCFA31621CBE1AB7043B1E /* ToolSheetContainer.swift */ = {isa = PBXFileReference; lastKnownFileType = sourcecode.swift; path = ToolSheetContainer.swift; sourceTree = "<group>"; };
		4B552D58968F75459B0868D2 /* NetMonitor_iOSTests.swift */ = {isa = PBXFileReference; lastKnownFileType = sourcecode.swift; path = NetMonitor_iOSTests.swift; sourceTree = "<group>"; };
		4FAA2A8A1F011FBCFA824E15 /* AppearanceSettingsView.swift */ = {isa = PBXFileReference; lastKnownFileType = sourcecode.swift; path = AppearanceSettingsView.swift; sourceTree = "<group>"; };
		5754DDE3B9CAA800C43BE5B9 /* NetMonitor-iOSTests.xctest */ = {isa = PBXFileReference; includeInIndex = 0; lastKnownFileType = wrapper.cfbundle; path = "NetMonitor-iOSTests.xctest"; sourceTree = BUILT_PRODUCTS_DIR; };
		5895DED1FC083716813EB576 /* PortScannerToolView.swift */ = {isa = PBXFileReference; lastKnownFileType = sourcecode.swift; path = PortScannerToolView.swift; sourceTree = "<group>"; };
		5AE1D8C5F900E64248573737 /* AppSettings.swift */ = {isa = PBXFileReference; lastKnownFileType = sourcecode.swift; path = AppSettings.swift; sourceTree = "<group>"; };
		5D120A76A37530C1E2F3D67A /* SidebarView.swift */ = {isa = PBXFileReference; lastKnownFileType = sourcecode.swift; path = SidebarView.swift; sourceTree = "<group>"; };
		5E552E75FCB9CC89B03283A8 /* EnumExtensions.swift */ = {isa = PBXFileReference; lastKnownFileType = sourcecode.swift; path = EnumExtensions.swift; sourceTree = "<group>"; };
		5E8D38F19275D03369E77C3E /* NetworkInfoService.swift */ = {isa = PBXFileReference; lastKnownFileType = sourcecode.swift; path = NetworkInfoService.swift; sourceTree = "<group>"; };
		5F792E6868E8E959ECCF16A5 /* SettingsViewModelTests.swift */ = {isa = PBXFileReference; lastKnownFileType = sourcecode.swift; path = SettingsViewModelTests.swift; sourceTree = "<group>"; };
		65DD482FB958FC0A76B656CE /* PingToolViewModel.swift */ = {isa = PBXFileReference; lastKnownFileType = sourcecode.swift; path = PingToolViewModel.swift; sourceTree = "<group>"; };
		6DA713685A5D01F84A2D34A6 /* ConnectionSettingsSection.swift */ = {isa = PBXFileReference; lastKnownFileType = sourcecode.swift; path = ConnectionSettingsSection.swift; sourceTree = "<group>"; };
		6EBC131061CB2EF8420343A0 /* ToolClearButton.swift */ = {isa = PBXFileReference; lastKnownFileType = sourcecode.swift; path = ToolClearButton.swift; sourceTree = "<group>"; };
		6EE294C34E0DD9F4AB70452D /* ShellPingService.swift */ = {isa = PBXFileReference; lastKnownFileType = sourcecode.swift; path = ShellPingService.swift; sourceTree = "<group>"; };
		6FDAF5C6CCC826144F4C40C1 /* NetworkMapViewModel.swift */ = {isa = PBXFileReference; lastKnownFileType = sourcecode.swift; path = NetworkMapViewModel.swift; sourceTree = "<group>"; };
		70325EC83FD1A8358DB60D64 /* NetmonitorApp.swift */ = {isa = PBXFileReference; lastKnownFileType = sourcecode.swift; path = NetmonitorApp.swift; sourceTree = "<group>"; };
		7033868846A923840F172297 /* PingToolView.swift */ = {isa = PBXFileReference; lastKnownFileType = sourcecode.swift; path = PingToolView.swift; sourceTree = "<group>"; };
		756B774BD29446B68DEA41E3 /* NetMonitorApp.swift */ = {isa = PBXFileReference; lastKnownFileType = sourcecode.swift; path = NetMonitorApp.swift; sourceTree = "<group>"; };
		7B1453A644715BAF312C8BC1 /* MonitoringSettingsView.swift */ = {isa = PBXFileReference; lastKnownFileType = sourcecode.swift; path = MonitoringSettingsView.swift; sourceTree = "<group>"; };
		7BF7C922251F0E504329BC7E /* PreviewContainer.swift */ = {isa = PBXFileReference; lastKnownFileType = sourcecode.swift; path = PreviewContainer.swift; sourceTree = "<group>"; };
		7EED0AE800C74EEAF77F9DF5 /* ToolRunButton.swift */ = {isa = PBXFileReference; lastKnownFileType = sourcecode.swift; path = ToolRunButton.swift; sourceTree = "<group>"; };
		7F7EC6402D2DF48B18A56FB6 /* DashboardViewModel.swift */ = {isa = PBXFileReference; lastKnownFileType = sourcecode.swift; path = DashboardViewModel.swift; sourceTree = "<group>"; };
		7FEBEA87C402A3FB6AB1C6C5 /* WakeOnLanActionTests.swift */ = {isa = PBXFileReference; lastKnownFileType = sourcecode.swift; path = WakeOnLanActionTests.swift; sourceTree = "<group>"; };
		800862C95652A6E5E6BE1CE5 /* ToolsViewModel.swift */ = {isa = PBXFileReference; lastKnownFileType = sourcecode.swift; path = ToolsViewModel.swift; sourceTree = "<group>"; };
		824214C53D0723B326A18CEF /* SpeedTestToolView.swift */ = {isa = PBXFileReference; lastKnownFileType = sourcecode.swift; path = SpeedTestToolView.swift; sourceTree = "<group>"; };
		839A8CA84224C1AB94D4209C /* ThemeTests.swift */ = {isa = PBXFileReference; lastKnownFileType = sourcecode.swift; path = ThemeTests.swift; sourceTree = "<group>"; };
		83FE883399BD31C021DC7BEF /* PortScannerToolViewModel.swift */ = {isa = PBXFileReference; lastKnownFileType = sourcecode.swift; path = PortScannerToolViewModel.swift; sourceTree = "<group>"; };
		8650B3D9EC5CDB844E93B843 /* SettingsView.swift */ = {isa = PBXFileReference; lastKnownFileType = sourcecode.swift; path = SettingsView.swift; sourceTree = "<group>"; };
		87872515F353D25925C60B81 /* SettingsView.swift */ = {isa = PBXFileReference; lastKnownFileType = sourcecode.swift; path = SettingsView.swift; sourceTree = "<group>"; };
		87C68BBDE6DB8F7C4E446FEE /* DashboardView.swift */ = {isa = PBXFileReference; lastKnownFileType = sourcecode.swift; path = DashboardView.swift; sourceTree = "<group>"; };
		87D31E0912E4D4C961789D8F /* DeviceListView.swift */ = {isa = PBXFileReference; lastKnownFileType = sourcecode.swift; path = DeviceListView.swift; sourceTree = "<group>"; };
		8C02C598E7B86F34E4C55714 /* PingToolView.swift */ = {isa = PBXFileReference; lastKnownFileType = sourcecode.swift; path = PingToolView.swift; sourceTree = "<group>"; };
		8D107F4C12376D4879B4F5D4 /* ContinuationTrackerTests.swift */ = {isa = PBXFileReference; lastKnownFileType = sourcecode.swift; path = ContinuationTrackerTests.swift; sourceTree = "<group>"; };
		902FDF34A4DD511DF5326DA1 /* Logging.swift */ = {isa = PBXFileReference; lastKnownFileType = sourcecode.swift; path = Logging.swift; sourceTree = "<group>"; };
		91D34A17E8BFC3829CC161AA /* DeviceDetailViewModel.swift */ = {isa = PBXFileReference; lastKnownFileType = sourcecode.swift; path = DeviceDetailViewModel.swift; sourceTree = "<group>"; };
		9397061B694F2821A01D1805 /* HTTPMonitorService.swift */ = {isa = PBXFileReference; lastKnownFileType = sourcecode.swift; path = HTTPMonitorService.swift; sourceTree = "<group>"; };
		96CAA6CB710E490DF3D17465 /* StatisticsService.swift */ = {isa = PBXFileReference; lastKnownFileType = sourcecode.swift; path = StatisticsService.swift; sourceTree = "<group>"; };
		98B68963D40A139DE9EF2272 /* WebBrowserToolView.swift */ = {isa = PBXFileReference; lastKnownFileType = sourcecode.swift; path = WebBrowserToolView.swift; sourceTree = "<group>"; };
		9A1AB5AF130A23C56CBDDD00 /* ToolsView.swift */ = {isa = PBXFileReference; lastKnownFileType = sourcecode.swift; path = ToolsView.swift; sourceTree = "<group>"; };
		9A465B41D381F8398CA152ED /* StatisticsServiceTests.swift */ = {isa = PBXFileReference; lastKnownFileType = sourcecode.swift; path = StatisticsServiceTests.swift; sourceTree = "<group>"; };
		9C8EFF5761E9E21BEF9DA9BF /* SpeedTestToolViewModelTests.swift */ = {isa = PBXFileReference; lastKnownFileType = sourcecode.swift; path = SpeedTestToolViewModelTests.swift; sourceTree = "<group>"; };
		9CC69E9737C5F7F3278AB73E /* WindowOpener.swift */ = {isa = PBXFileReference; lastKnownFileType = sourcecode.swift; path = WindowOpener.swift; sourceTree = "<group>"; };
		9D2CF1E0E2108306BD4F4953 /* DNSLookupToolViewModelTests.swift */ = {isa = PBXFileReference; lastKnownFileType = sourcecode.swift; path = DNSLookupToolViewModelTests.swift; sourceTree = "<group>"; };
		9E2DDEE169D6930C49B355DF /* BonjourDiscoveryToolViewModelTests.swift */ = {isa = PBXFileReference; lastKnownFileType = sourcecode.swift; path = BonjourDiscoveryToolViewModelTests.swift; sourceTree = "<group>"; };
		9F3EF884CA115169781F6BB5 /* DNSLookupToolView.swift */ = {isa = PBXFileReference; lastKnownFileType = sourcecode.swift; path = DNSLookupToolView.swift; sourceTree = "<group>"; };
		9FCDC97BB9134866F737D36C /* MenuBarCommands.swift */ = {isa = PBXFileReference; lastKnownFileType = sourcecode.swift; path = MenuBarCommands.swift; sourceTree = "<group>"; };
		A250E7592344D3DD67910685 /* DataSettingsView.swift */ = {isa = PBXFileReference; lastKnownFileType = sourcecode.swift; path = DataSettingsView.swift; sourceTree = "<group>"; };
		A7191F3156FFC451BBDAA904 /* DefaultTargetsProvider.swift */ = {isa = PBXFileReference; lastKnownFileType = sourcecode.swift; path = DefaultTargetsProvider.swift; sourceTree = "<group>"; };
		B36F41C60900EB945E888E23 /* TracerouteToolView.swift */ = {isa = PBXFileReference; lastKnownFileType = sourcecode.swift; path = TracerouteToolView.swift; sourceTree = "<group>"; };
		BE1FDACEF3393A09F365EEB4 /* PortScannerToolView.swift */ = {isa = PBXFileReference; lastKnownFileType = sourcecode.swift; path = PortScannerToolView.swift; sourceTree = "<group>"; };
		BF43C912ACE0DEB478B1BD11 /* DeviceRowView.swift */ = {isa = PBXFileReference; lastKnownFileType = sourcecode.swift; path = DeviceRowView.swift; sourceTree = "<group>"; };
		BF59316A7FACA0F164BBDD46 /* BackgroundTaskService.swift */ = {isa = PBXFileReference; lastKnownFileType = sourcecode.swift; path = BackgroundTaskService.swift; sourceTree = "<group>"; };
		BFFFC1B4D003723AC37ADE9E /* ContentView.swift */ = {isa = PBXFileReference; lastKnownFileType = sourcecode.swift; path = ContentView.swift; sourceTree = "<group>"; };
		C3E66364D030234E1B45A6BA /* DevicesView.swift */ = {isa = PBXFileReference; lastKnownFileType = sourcecode.swift; path = DevicesView.swift; sourceTree = "<group>"; };
		C415295A040809C20DB62832 /* MenuBarController.swift */ = {isa = PBXFileReference; lastKnownFileType = sourcecode.swift; path = MenuBarController.swift; sourceTree = "<group>"; };
		C48B63C3B6047CA905960844 /* TargetsView.swift */ = {isa = PBXFileReference; lastKnownFileType = sourcecode.swift; path = TargetsView.swift; sourceTree = "<group>"; };
		C4E17B0FBE23722518BB7D7B /* TargetStatisticsView.swift */ = {isa = PBXFileReference; lastKnownFileType = sourcecode.swift; path = TargetStatisticsView.swift; sourceTree = "<group>"; };
		C5BC316F3DB96C6B180E0814 /* BonjourDiscoveryToolViewModel.swift */ = {isa = PBXFileReference; lastKnownFileType = sourcecode.swift; path = BonjourDiscoveryToolViewModel.swift; sourceTree = "<group>"; };
		C65517CC18040007A6BF247D /* LiveDurationView.swift */ = {isa = PBXFileReference; lastKnownFileType = sourcecode.swift; path = LiveDurationView.swift; sourceTree = "<group>"; };
		C6CBE58C2938DC79DF670A35 /* ThemeManager.swift */ = {isa = PBXFileReference; lastKnownFileType = sourcecode.swift; path = ThemeManager.swift; sourceTree = "<group>"; };
		C7992370AD2AA142027C6DF3 /* MenuBarPopoverView.swift */ = {isa = PBXFileReference; lastKnownFileType = sourcecode.swift; path = MenuBarPopoverView.swift; sourceTree = "<group>"; };
		C7F5029903C114F43AD8F523 /* ShellPingParserTests.swift */ = {isa = PBXFileReference; lastKnownFileType = sourcecode.swift; path = ShellPingParserTests.swift; sourceTree = "<group>"; };
		C8B2E1F20FD28A5768AD703B /* ToolsViewModelTests.swift */ = {isa = PBXFileReference; lastKnownFileType = sourcecode.swift; path = ToolsViewModelTests.swift; sourceTree = "<group>"; };
		C8CC68CA1629217A3CE5A80F /* ShellCommandRunner.swift */ = {isa = PBXFileReference; lastKnownFileType = sourcecode.swift; path = ShellCommandRunner.swift; sourceTree = "<group>"; };
		CA68C9F028D615CA0BC8C90D /* ToolStatisticsCard.swift */ = {isa = PBXFileReference; lastKnownFileType = sourcecode.swift; path = ToolStatisticsCard.swift; sourceTree = "<group>"; };
		CB2FB492B725F8BD55638731 /* GatewayInfoCard.swift */ = {isa = PBXFileReference; lastKnownFileType = sourcecode.swift; path = GatewayInfoCard.swift; sourceTree = "<group>"; };
		CEDECC888A595D0072CFCCDD /* WHOISToolViewModel.swift */ = {isa = PBXFileReference; lastKnownFileType = sourcecode.swift; path = WHOISToolViewModel.swift; sourceTree = "<group>"; };
		CFCF80A32B7899970DFA3C3B /* MonitoringSession.swift */ = {isa = PBXFileReference; lastKnownFileType = sourcecode.swift; path = MonitoringSession.swift; sourceTree = "<group>"; };
		D152B7122837F9AC51842F34 /* DeviceNameResolver.swift */ = {isa = PBXFileReference; lastKnownFileType = sourcecode.swift; path = DeviceNameResolver.swift; sourceTree = "<group>"; };
		D174F617E200C26B2EDE5E3B /* ARPScannerService.swift */ = {isa = PBXFileReference; lastKnownFileType = sourcecode.swift; path = ARPScannerService.swift; sourceTree = "<group>"; };
		D2539B293EBB6BAAE8AC9A36 /* DashboardView.swift */ = {isa = PBXFileReference; lastKnownFileType = sourcecode.swift; path = DashboardView.swift; sourceTree = "<group>"; };
		D33FA8CEF889C0CD95DE23EF /* GlassButton.swift */ = {isa = PBXFileReference; lastKnownFileType = sourcecode.swift; path = GlassButton.swift; sourceTree = "<group>"; };
		D43B91C6C0FC9D62E3100938 /* AppearanceEnvironment.swift */ = {isa = PBXFileReference; lastKnownFileType = sourcecode.swift; path = AppearanceEnvironment.swift; sourceTree = "<group>"; };
		D57A89F7F3F2BDCC7BFD8444 /* SpeedTestToolView.swift */ = {isa = PBXFileReference; lastKnownFileType = sourcecode.swift; path = SpeedTestToolView.swift; sourceTree = "<group>"; };
		D62C76BE608EADB467F2B149 /* NetworkScanKit */ = {isa = PBXFileReference; lastKnownFileType = folder; name = NetworkScanKit; path = Packages/NetworkScanKit; sourceTree = SOURCE_ROOT; };
		D7A77B858DA3EAB8AF92F698 /* NetworkInfoServiceTests.swift */ = {isa = PBXFileReference; lastKnownFileType = sourcecode.swift; path = NetworkInfoServiceTests.swift; sourceTree = "<group>"; };
		D8D1C5A8A2026164E837DC8B /* NetMonitor-macOS.app */ = {isa = PBXFileReference; explicitFileType = wrapper.application; includeInIndex = 0; path = "NetMonitor-macOS.app"; sourceTree = BUILT_PRODUCTS_DIR; };
		DCC7296D189AA643DC92B5CF /* BonjourBrowserToolView.swift */ = {isa = PBXFileReference; lastKnownFileType = sourcecode.swift; path = BonjourBrowserToolView.swift; sourceTree = "<group>"; };
		DCDA399D48F75F6B320DA095 /* DeviceDetailView.swift */ = {isa = PBXFileReference; lastKnownFileType = sourcecode.swift; path = DeviceDetailView.swift; sourceTree = "<group>"; };
		E26C9F931AD96DF31EB44C9A /* DNSLookupToolViewModel.swift */ = {isa = PBXFileReference; lastKnownFileType = sourcecode.swift; path = DNSLookupToolViewModel.swift; sourceTree = "<group>"; };
		E3DE27495CAFD0EF97D63222 /* MacNetworkMonitor.swift */ = {isa = PBXFileReference; lastKnownFileType = sourcecode.swift; path = MacNetworkMonitor.swift; sourceTree = "<group>"; };
		E87FC6613ED347223FA691D0 /* TCPMonitorService.swift */ = {isa = PBXFileReference; lastKnownFileType = sourcecode.swift; path = TCPMonitorService.swift; sourceTree = "<group>"; };
		E8EF1F6838D25BB110551ABB /* BonjourDiscoveryToolView.swift */ = {isa = PBXFileReference; lastKnownFileType = sourcecode.swift; path = BonjourDiscoveryToolView.swift; sourceTree = "<group>"; };
		EA00C4C5EBE0D3D8E1D9B806 /* PortScannerToolViewModelTests.swift */ = {isa = PBXFileReference; lastKnownFileType = sourcecode.swift; path = PortScannerToolViewModelTests.swift; sourceTree = "<group>"; };
		EA2FB79A16ADB85CC5B45664 /* SchemaV1.swift */ = {isa = PBXFileReference; lastKnownFileType = sourcecode.swift; path = SchemaV1.swift; sourceTree = "<group>"; };
		EA561BD6AF240A98038ED27A /* ToolResultRow.swift */ = {isa = PBXFileReference; lastKnownFileType = sourcecode.swift; path = ToolResultRow.swift; sourceTree = "<group>"; };
		EB1FBBC1DD3CF85853D633F6 /* DeviceDetailView.swift */ = {isa = PBXFileReference; lastKnownFileType = sourcecode.swift; path = DeviceDetailView.swift; sourceTree = "<group>"; };
		EDCF0E7F7BD33CA4B909385C /* NetworkMapViewModelTests.swift */ = {isa = PBXFileReference; lastKnownFileType = sourcecode.swift; path = NetworkMapViewModelTests.swift; sourceTree = "<group>"; };
		EE0A10C8D0A4922F6690C62B /* StatusBadge.swift */ = {isa = PBXFileReference; lastKnownFileType = sourcecode.swift; path = StatusBadge.swift; sourceTree = "<group>"; };
		F3F836FFF7AB7CE62A5F3CBD /* WakeOnLANToolViewModelTests.swift */ = {isa = PBXFileReference; lastKnownFileType = sourcecode.swift; path = WakeOnLANToolViewModelTests.swift; sourceTree = "<group>"; };
		F436BAF9158F25E0D29BF95C /* CompanionMessageHandler.swift */ = {isa = PBXFileReference; lastKnownFileType = sourcecode.swift; path = CompanionMessageHandler.swift; sourceTree = "<group>"; };
		F5A0A2582C0B7312FA42748E /* DataExportService.swift */ = {isa = PBXFileReference; lastKnownFileType = sourcecode.swift; path = DataExportService.swift; sourceTree = "<group>"; };
		F5FB4FB0D3D64F7724CB521D /* PublicIPService.swift */ = {isa = PBXFileReference; lastKnownFileType = sourcecode.swift; path = PublicIPService.swift; sourceTree = "<group>"; };
		F6D260F565079AC63677DCB7 /* GeneralSettingsView.swift */ = {isa = PBXFileReference; lastKnownFileType = sourcecode.swift; path = GeneralSettingsView.swift; sourceTree = "<group>"; };
		F9745FD9482D4F193CBA93FE /* TracerouteToolViewModel.swift */ = {isa = PBXFileReference; lastKnownFileType = sourcecode.swift; path = TracerouteToolViewModel.swift; sourceTree = "<group>"; };
		FEA56070D9F03D65EA3EC10D /* AddTargetSheet.swift */ = {isa = PBXFileReference; lastKnownFileType = sourcecode.swift; path = AddTargetSheet.swift; sourceTree = "<group>"; };
/* End PBXFileReference section */

/* Begin PBXFrameworksBuildPhase section */
		062F891E239FC2C7E5BDADBE /* Frameworks */ = {
			isa = PBXFrameworksBuildPhase;
			buildActionMask = 2147483647;
			files = (
				30EBD9CDD0FE403E1E756338 /* NetMonitorCore in Frameworks */,
				ACC9E2AAC225ACE46FFA7690 /* NetworkScanKit in Frameworks */,
			);
			runOnlyForDeploymentPostprocessing = 0;
		};
		40A9F7662DD07B1719E30913 /* Frameworks */ = {
			isa = PBXFrameworksBuildPhase;
			buildActionMask = 2147483647;
			files = (
				F2B39A0257A701E3D43D2737 /* NetMonitorCore in Frameworks */,
				0CD56C70CFF8CBC0519F6B09 /* NetworkScanKit in Frameworks */,
			);
			runOnlyForDeploymentPostprocessing = 0;
		};
		72EFE52898663F0A61ABF857 /* Frameworks */ = {
			isa = PBXFrameworksBuildPhase;
			buildActionMask = 2147483647;
			files = (
				D17CB2AACF029D603F8B3375 /* NetMonitorCore in Frameworks */,
				910D3D44366C735C9602B17E /* NetworkScanKit in Frameworks */,
			);
			runOnlyForDeploymentPostprocessing = 0;
		};
/* End PBXFrameworksBuildPhase section */

/* Begin PBXGroup section */
		0222CB94880CB36FED8F9AC3 /* Tools */ = {
			isa = PBXGroup;
			children = (
				E8EF1F6838D25BB110551ABB /* BonjourDiscoveryToolView.swift */,
				1F5198C609C014DE725344B3 /* DNSLookupToolView.swift */,
				8C02C598E7B86F34E4C55714 /* PingToolView.swift */,
				BE1FDACEF3393A09F365EEB4 /* PortScannerToolView.swift */,
				D57A89F7F3F2BDCC7BFD8444 /* SpeedTestToolView.swift */,
				9A1AB5AF130A23C56CBDDD00 /* ToolsView.swift */,
				B36F41C60900EB945E888E23 /* TracerouteToolView.swift */,
				2E04C865578218E23F28F978 /* WakeOnLANToolView.swift */,
				98B68963D40A139DE9EF2272 /* WebBrowserToolView.swift */,
				4896033C2D35E7BEF7BE38F4 /* WHOISToolView.swift */,
			);
			path = Tools;
			sourceTree = "<group>";
		};
		087E746D2892B1FF17D7AF03 /* Settings */ = {
			isa = PBXGroup;
			children = (
				0E678FCAC5AC181A1C62585D /* AcknowledgementsView.swift */,
				6DA713685A5D01F84A2D34A6 /* ConnectionSettingsSection.swift */,
				18300B34F5E90EE2E552E8E5 /* MacPairingView.swift */,
				8650B3D9EC5CDB844E93B843 /* SettingsView.swift */,
			);
			path = Settings;
			sourceTree = "<group>";
		};
		0D4D0765E3E667C3E2CDAD0C /* Views */ = {
			isa = PBXGroup;
			children = (
				101F26E4BECFFBFB3797E920 /* ContentView.swift */,
				4EB089FCEE1C6E30FA58592A /* Components */,
				8D1FBD27AEDD1C7D994144FA /* Dashboard */,
				DF8A97F2CEDAD608B13029EA /* DeviceDetail */,
				4407CCDD8DF84658BF90B4F2 /* NetworkMap */,
				087E746D2892B1FF17D7AF03 /* Settings */,
				0222CB94880CB36FED8F9AC3 /* Tools */,
			);
			path = Views;
			sourceTree = "<group>";
		};
		10E4CCBCC6C445B127309731 /* ViewModels */ = {
			isa = PBXGroup;
			children = (
				C5BC316F3DB96C6B180E0814 /* BonjourDiscoveryToolViewModel.swift */,
				7F7EC6402D2DF48B18A56FB6 /* DashboardViewModel.swift */,
				91D34A17E8BFC3829CC161AA /* DeviceDetailViewModel.swift */,
				E26C9F931AD96DF31EB44C9A /* DNSLookupToolViewModel.swift */,
				6FDAF5C6CCC826144F4C40C1 /* NetworkMapViewModel.swift */,
				65DD482FB958FC0A76B656CE /* PingToolViewModel.swift */,
				83FE883399BD31C021DC7BEF /* PortScannerToolViewModel.swift */,
				0F14EF1F24FAD8E279C5F619 /* SettingsViewModel.swift */,
				185704DD77179DFE62766E0D /* SpeedTestToolViewModel.swift */,
				800862C95652A6E5E6BE1CE5 /* ToolsViewModel.swift */,
				F9745FD9482D4F193CBA93FE /* TracerouteToolViewModel.swift */,
				417305C569EB2774490CA2BB /* WakeOnLANToolViewModel.swift */,
				CEDECC888A595D0072CFCCDD /* WHOISToolViewModel.swift */,
			);
			path = ViewModels;
			sourceTree = "<group>";
		};
		12A4AC81526173A670D52622 /* Platform */ = {
			isa = PBXGroup;
			children = (
				5AE1D8C5F900E64248573737 /* AppSettings.swift */,
				BF59316A7FACA0F164BBDD46 /* BackgroundTaskService.swift */,
				F5A0A2582C0B7312FA42748E /* DataExportService.swift */,
				2ABF8651A3EB16DD9B71D2A6 /* DataMaintenanceService.swift */,
				11ECEB0143FB17F5EE8C4EB4 /* GatewayService.swift */,
				431FA615915AAEDF20F196DC /* GlassCard.swift */,
				2224DE47C4DB83B5ED7E474B /* MacConnectionService.swift */,
				F5FB4FB0D3D64F7724CB521D /* PublicIPService.swift */,
				1E4BCAE06DD86235A4D27BA1 /* SharedServices.swift */,
				1280084A1B0D74730547A6EB /* TargetManager.swift */,
				2DBF9FC031FCDD455C699F85 /* Theme.swift */,
				C6CBE58C2938DC79DF670A35 /* ThemeManager.swift */,
				3FE1A85A0AC80D9B08D16B53 /* WiFiInfoService.swift */,
			);
			path = Platform;
			sourceTree = "<group>";
		};
		3AA158436BB2A7CC57BF8632 /* Products */ = {
			isa = PBXGroup;
			children = (
				040158ED31B51401B56621DB /* NetMonitor-iOS.app */,
				5754DDE3B9CAA800C43BE5B9 /* NetMonitor-iOSTests.xctest */,
				D8D1C5A8A2026164E837DC8B /* NetMonitor-macOS.app */,
				1BFA32A2D8AD16EEFF35C181 /* NetMonitor-macOSTests.xctest */,
			);
			name = Products;
			sourceTree = "<group>";
		};
		4407CCDD8DF84658BF90B4F2 /* NetworkMap */ = {
			isa = PBXGroup;
			children = (
				3AE6880C9259B5E5AD514989 /* NetworkMapView.swift */,
			);
			path = NetworkMap;
			sourceTree = "<group>";
		};
		4EB089FCEE1C6E30FA58592A /* Components */ = {
			isa = PBXGroup;
			children = (
				2318C9AFCEE31C60D3E14516 /* EmptyStateView.swift */,
				D33FA8CEF889C0CD95DE23EF /* GlassButton.swift */,
				2C3943143B99D5243073376A /* MetricCard.swift */,
				EE0A10C8D0A4922F6690C62B /* StatusBadge.swift */,
				6EBC131061CB2EF8420343A0 /* ToolClearButton.swift */,
				28840E366E12B65E3AAD7F2E /* ToolInputField.swift */,
				EA561BD6AF240A98038ED27A /* ToolResultRow.swift */,
				7EED0AE800C74EEAF77F9DF5 /* ToolRunButton.swift */,
				CA68C9F028D615CA0BC8C90D /* ToolStatisticsCard.swift */,
			);
			path = Components;
			sourceTree = "<group>";
		};
		50CDFC6BE439B5530EEB9DFE /* Packages */ = {
			isa = PBXGroup;
			children = (
				016F16F5B8551E19BA9B89C0 /* NetMonitorCore */,
				D62C76BE608EADB467F2B149 /* NetworkScanKit */,
			);
			path = Packages;
			sourceTree = "<group>";
		};
		64D57CD1D21B76AC83EB6CAB /* Views */ = {
			isa = PBXGroup;
			children = (
				FEA56070D9F03D65EA3EC10D /* AddTargetSheet.swift */,
				383FA50DFE0EA7F9EF69192B /* ConnectionInfoCard.swift */,
				BFFFC1B4D003723AC37ADE9E /* ContentView.swift */,
				D2539B293EBB6BAAE8AC9A36 /* DashboardView.swift */,
				EB1FBBC1DD3CF85853D633F6 /* DeviceDetailView.swift */,
				BF43C912ACE0DEB478B1BD11 /* DeviceRowView.swift */,
				C3E66364D030234E1B45A6BA /* DevicesView.swift */,
				CB2FB492B725F8BD55638731 /* GatewayInfoCard.swift */,
				0B79A3A0A3F055B6A4553A0C /* ISPInfoCard.swift */,
				C65517CC18040007A6BF247D /* LiveDurationView.swift */,
				2B44E93C75BD9748EA78E9EB /* QuickStatsBar.swift */,
				87872515F353D25925C60B81 /* SettingsView.swift */,
				5D120A76A37530C1E2F3D67A /* SidebarView.swift */,
				C4E17B0FBE23722518BB7D7B /* TargetStatisticsView.swift */,
				C48B63C3B6047CA905960844 /* TargetsView.swift */,
				3FF4F9ADB872CDB93DAA9636 /* ToolsView.swift */,
				9F6B241F8A820ED891F5B874 /* Settings */,
				67C87F7BBAB9DA3CA7C4668C /* Tools */,
			);
			path = Views;
			sourceTree = "<group>";
		};
		67C87F7BBAB9DA3CA7C4668C /* Tools */ = {
			isa = PBXGroup;
			children = (
				DCC7296D189AA643DC92B5CF /* BonjourBrowserToolView.swift */,
				9F3EF884CA115169781F6BB5 /* DNSLookupToolView.swift */,
				7033868846A923840F172297 /* PingToolView.swift */,
				5895DED1FC083716813EB576 /* PortScannerToolView.swift */,
				824214C53D0723B326A18CEF /* SpeedTestToolView.swift */,
				48BCFA31621CBE1AB7043B1E /* ToolSheetContainer.swift */,
				15CF57CCF80C504B5D2A4F7E /* TracerouteToolView.swift */,
				38B2842ECC13155C42B01207 /* WakeOnLanToolView.swift */,
				02D429D7F12642A26F1D2045 /* WHOISToolView.swift */,
			);
			path = Tools;
			sourceTree = "<group>";
		};
		87DBFB32E1330098799857E3 /* MenuBar */ = {
			isa = PBXGroup;
			children = (
				9FCDC97BB9134866F737D36C /* MenuBarCommands.swift */,
				C415295A040809C20DB62832 /* MenuBarController.swift */,
				C7992370AD2AA142027C6DF3 /* MenuBarPopoverView.swift */,
			);
			path = MenuBar;
			sourceTree = "<group>";
		};
		8ADC0224E069D52C552AC244 /* NetMonitor-iOSTests */ = {
			isa = PBXGroup;
			children = (
				084ADAFF53B1BE144A7AED45 /* AppSettingsTests.swift */,
				9E2DDEE169D6930C49B355DF /* BonjourDiscoveryToolViewModelTests.swift */,
				20D7904358AD4EFE10410C4C /* DashboardViewModelTests.swift */,
				9D2CF1E0E2108306BD4F4953 /* DNSLookupToolViewModelTests.swift */,
				2C07EEFC585E7926EC1103D7 /* iOSMockServices.swift */,
				4B552D58968F75459B0868D2 /* NetMonitor_iOSTests.swift */,
				EDCF0E7F7BD33CA4B909385C /* NetworkMapViewModelTests.swift */,
				188CE56C7F99450209487467 /* PingToolViewModelTests.swift */,
				EA00C4C5EBE0D3D8E1D9B806 /* PortScannerToolViewModelTests.swift */,
				5F792E6868E8E959ECCF16A5 /* SettingsViewModelTests.swift */,
				9C8EFF5761E9E21BEF9DA9BF /* SpeedTestToolViewModelTests.swift */,
				839A8CA84224C1AB94D4209C /* ThemeTests.swift */,
				C8B2E1F20FD28A5768AD703B /* ToolsViewModelTests.swift */,
				058277C30AAC7BD1D9802427 /* TracerouteToolViewModelTests.swift */,
				F3F836FFF7AB7CE62A5F3CBD /* WakeOnLANToolViewModelTests.swift */,
				0C16AD1D5A29DB71D72A39D4 /* WHOISToolViewModelTests.swift */,
			);
			path = "NetMonitor-iOSTests";
			sourceTree = "<group>";
		};
		8D1FBD27AEDD1C7D994144FA /* Dashboard */ = {
			isa = PBXGroup;
			children = (
				87C68BBDE6DB8F7C4E446FEE /* DashboardView.swift */,
				87D31E0912E4D4C961789D8F /* DeviceListView.swift */,
			);
			path = Dashboard;
			sourceTree = "<group>";
		};
		8FAD381936AE9D15D57F6A17 /* Utilities */ = {
			isa = PBXGroup;
			children = (
				D43B91C6C0FC9D62E3100938 /* AppearanceEnvironment.swift */,
				0C54539A07BDA0DD3A962299 /* ColorExtension.swift */,
				088D4FC2A90AF0ADBFF9955B /* ContinuationTracker.swift */,
				5E552E75FCB9CC89B03283A8 /* EnumExtensions.swift */,
				1416864948742E11E4580141 /* WakeOnLanAction.swift */,
				9CC69E9737C5F7F3278AB73E /* WindowOpener.swift */,
			);
			path = Utilities;
			sourceTree = "<group>";
		};
		911A63FF886A2DF3CD7FD6B3 /* Platform */ = {
			isa = PBXGroup;
			children = (
				D174F617E200C26B2EDE5E3B /* ARPScannerService.swift */,
				F436BAF9158F25E0D29BF95C /* CompanionMessageHandler.swift */,
				30C2EB59EAE07282EC6C58EF /* CompanionService.swift */,
				A7191F3156FFC451BBDAA904 /* DefaultTargetsProvider.swift */,
				1CA8D556A3CF18E6815DD8AC /* DeviceDiscoveryCoordinator.swift */,
				D152B7122837F9AC51842F34 /* DeviceNameResolver.swift */,
				9397061B694F2821A01D1805 /* HTTPMonitorService.swift */,
				1E3F3A93C15C01F45D8E37D2 /* ICMPMonitorService.swift */,
				3FFF84B44EBFDC371781AB17 /* ISPLookupService.swift */,
				902FDF34A4DD511DF5326DA1 /* Logging.swift */,
				E3DE27495CAFD0EF97D63222 /* MacNetworkMonitor.swift */,
				CFCF80A32B7899970DFA3C3B /* MonitoringSession.swift */,
				5E8D38F19275D03369E77C3E /* NetworkInfoService.swift */,
				C8CC68CA1629217A3CE5A80F /* ShellCommandRunner.swift */,
				6EE294C34E0DD9F4AB70452D /* ShellPingService.swift */,
				96CAA6CB710E490DF3D17465 /* StatisticsService.swift */,
				E87FC6613ED347223FA691D0 /* TCPMonitorService.swift */,
			);
			path = Platform;
			sourceTree = "<group>";
		};
		93AF8BA829380A1F74B3080F = {
			isa = PBXGroup;
			children = (
				973AB169728F6ABD6C6481E2 /* NetMonitor-iOS */,
				ADD8F8FED92436E970118F97 /* NetMonitor-macOS */,
				50CDFC6BE439B5530EEB9DFE /* Packages */,
				D6D58277EF9117F7081C68E0 /* Tests */,
				3AA158436BB2A7CC57BF8632 /* Products */,
			);
			sourceTree = "<group>";
		};
		973AB169728F6ABD6C6481E2 /* NetMonitor-iOS */ = {
			isa = PBXGroup;
			children = (
				B0DAECD1C045E382C76FE56E /* App */,
				12A4AC81526173A670D52622 /* Platform */,
				10E4CCBCC6C445B127309731 /* ViewModels */,
				0D4D0765E3E667C3E2CDAD0C /* Views */,
			);
			path = "NetMonitor-iOS";
			sourceTree = "<group>";
		};
		9F6B241F8A820ED891F5B874 /* Settings */ = {
			isa = PBXGroup;
			children = (
				4FAA2A8A1F011FBCFA824E15 /* AppearanceSettingsView.swift */,
				2C8545002C8292919E27080D /* CompanionSettingsView.swift */,
				A250E7592344D3DD67910685 /* DataSettingsView.swift */,
				F6D260F565079AC63677DCB7 /* GeneralSettingsView.swift */,
				7B1453A644715BAF312C8BC1 /* MonitoringSettingsView.swift */,
				1512CCF57CA62B5B1CF937A7 /* NetworkSettingsView.swift */,
				1FAACF4F8C8254A71D95D10E /* NotificationSettingsView.swift */,
			);
			path = Settings;
			sourceTree = "<group>";
		};
		A2DE8DFED425243FF30F8905 /* Preview */ = {
			isa = PBXGroup;
			children = (
				7BF7C922251F0E504329BC7E /* PreviewContainer.swift */,
			);
			path = Preview;
			sourceTree = "<group>";
		};
		ADD8F8FED92436E970118F97 /* NetMonitor-macOS */ = {
			isa = PBXGroup;
			children = (
				D1264DF84316245CAF09F833 /* App */,
				87DBFB32E1330098799857E3 /* MenuBar */,
				911A63FF886A2DF3CD7FD6B3 /* Platform */,
				A2DE8DFED425243FF30F8905 /* Preview */,
				8FAD381936AE9D15D57F6A17 /* Utilities */,
				64D57CD1D21B76AC83EB6CAB /* Views */,
			);
			path = "NetMonitor-macOS";
			sourceTree = "<group>";
		};
		B0DAECD1C045E382C76FE56E /* App */ = {
			isa = PBXGroup;
			children = (
				70325EC83FD1A8358DB60D64 /* NetmonitorApp.swift */,
			);
			path = App;
			sourceTree = "<group>";
		};
		D1264DF84316245CAF09F833 /* App */ = {
			isa = PBXGroup;
			children = (
				756B774BD29446B68DEA41E3 /* NetMonitorApp.swift */,
				EA2FB79A16ADB85CC5B45664 /* SchemaV1.swift */,
			);
			path = App;
			sourceTree = "<group>";
		};
		D6D58277EF9117F7081C68E0 /* Tests */ = {
			isa = PBXGroup;
			children = (
				8ADC0224E069D52C552AC244 /* NetMonitor-iOSTests */,
				EB8CAB1CD898FE75D7DED009 /* NetMonitor-macOSTests */,
			);
			path = Tests;
			sourceTree = "<group>";
		};
		DF8A97F2CEDAD608B13029EA /* DeviceDetail */ = {
			isa = PBXGroup;
			children = (
				DCDA399D48F75F6B320DA095 /* DeviceDetailView.swift */,
			);
			path = DeviceDetail;
			sourceTree = "<group>";
		};
		EB8CAB1CD898FE75D7DED009 /* NetMonitor-macOSTests */ = {
			isa = PBXGroup;
			children = (
				8D107F4C12376D4879B4F5D4 /* ContinuationTrackerTests.swift */,
				18594F466B7F7B0935132FD2 /* DefaultTargetsProviderTests.swift */,
				1ED30F91ABCADD39A629C18A /* NetMonitor_macOSTests.swift */,
				D7A77B858DA3EAB8AF92F698 /* NetworkInfoServiceTests.swift */,
				C7F5029903C114F43AD8F523 /* ShellPingParserTests.swift */,
				9A465B41D381F8398CA152ED /* StatisticsServiceTests.swift */,
				7FEBEA87C402A3FB6AB1C6C5 /* WakeOnLanActionTests.swift */,
			);
			path = "NetMonitor-macOSTests";
			sourceTree = "<group>";
		};
/* End PBXGroup section */

/* Begin PBXNativeTarget section */
		1F7C65C74B339FCF977C4759 /* NetMonitor-macOS */ = {
			isa = PBXNativeTarget;
			buildConfigurationList = A2488BAF43E3180C8A442C89 /* Build configuration list for PBXNativeTarget "NetMonitor-macOS" */;
			buildPhases = (
				0A69C4D81868801AD156AF6A /* Sources */,
				40A9F7662DD07B1719E30913 /* Frameworks */,
			);
			buildRules = (
			);
			dependencies = (
			);
			name = "NetMonitor-macOS";
			packageProductDependencies = (
				2444F3328A44BCB7297D4E29 /* NetMonitorCore */,
				388FA7FB80CF030C402B66D5 /* NetworkScanKit */,
			);
			productName = "NetMonitor-macOS";
			productReference = D8D1C5A8A2026164E837DC8B /* NetMonitor-macOS.app */;
			productType = "com.apple.product-type.application";
		};
		55DBFE8BA4B4B55A24D71850 /* NetMonitor-macOSTests */ = {
			isa = PBXNativeTarget;
			buildConfigurationList = 78D734772E967CCF032C3A12 /* Build configuration list for PBXNativeTarget "NetMonitor-macOSTests" */;
			buildPhases = (
				7CFE9A5F2A78402AEE96A53F /* Sources */,
			);
			buildRules = (
			);
			dependencies = (
				49E5A2C3B24B1F0CDA0623E8 /* PBXTargetDependency */,
			);
			name = "NetMonitor-macOSTests";
			packageProductDependencies = (
			);
			productName = "NetMonitor-macOSTests";
			productReference = 1BFA32A2D8AD16EEFF35C181 /* NetMonitor-macOSTests.xctest */;
			productType = "com.apple.product-type.bundle.unit-test";
		};
		B151786BC5800BC9BC47A22C /* NetMonitor-iOS */ = {
			isa = PBXNativeTarget;
			buildConfigurationList = ECFDBF239A68C89B10D0BB5F /* Build configuration list for PBXNativeTarget "NetMonitor-iOS" */;
			buildPhases = (
				51F41E664F89550B3C7052B8 /* Sources */,
				72EFE52898663F0A61ABF857 /* Frameworks */,
			);
			buildRules = (
			);
			dependencies = (
			);
			name = "NetMonitor-iOS";
			packageProductDependencies = (
				14829B830C3C5DDA15673A6B /* NetMonitorCore */,
				C0F47FE6FA4E6294CF46C936 /* NetworkScanKit */,
			);
			productName = "NetMonitor-iOS";
			productReference = 040158ED31B51401B56621DB /* NetMonitor-iOS.app */;
			productType = "com.apple.product-type.application";
		};
		BA9349CB56A8E5516B5F9B7C /* NetMonitor-iOSTests */ = {
			isa = PBXNativeTarget;
			buildConfigurationList = 9FCF4DF887ED2A48453D8715 /* Build configuration list for PBXNativeTarget "NetMonitor-iOSTests" */;
			buildPhases = (
				20779BD7FAE12479C7F68989 /* Sources */,
				062F891E239FC2C7E5BDADBE /* Frameworks */,
			);
			buildRules = (
			);
			dependencies = (
				488CC7436050C2FF07AD8B82 /* PBXTargetDependency */,
			);
			name = "NetMonitor-iOSTests";
			packageProductDependencies = (
				10413F37B7E14DFA43ECEFC4 /* NetMonitorCore */,
				8887BED82A4320C8CAFBA574 /* NetworkScanKit */,
			);
			productName = "NetMonitor-iOSTests";
			productReference = 5754DDE3B9CAA800C43BE5B9 /* NetMonitor-iOSTests.xctest */;
			productType = "com.apple.product-type.bundle.unit-test";
		};
/* End PBXNativeTarget section */

/* Begin PBXProject section */
		4FB80C4151AD239413B6733F /* Project object */ = {
			isa = PBXProject;
			attributes = {
				BuildIndependentTargetsInParallel = YES;
				LastUpgradeCheck = 1600;
				TargetAttributes = {
					1F7C65C74B339FCF977C4759 = {
						DevelopmentTeam = 32XZRDTGK3;
						ProvisioningStyle = Automatic;
					};
					55DBFE8BA4B4B55A24D71850 = {
						DevelopmentTeam = 32XZRDTGK3;
					};
					B151786BC5800BC9BC47A22C = {
						DevelopmentTeam = 32XZRDTGK3;
						ProvisioningStyle = Automatic;
					};
					BA9349CB56A8E5516B5F9B7C = {
						DevelopmentTeam = 32XZRDTGK3;
					};
				};
			};
			buildConfigurationList = 21FF443B62CD5C892E54B0AC /* Build configuration list for PBXProject "NetMonitor-2.0" */;
			compatibilityVersion = "Xcode 14.0";
			developmentRegion = en;
			hasScannedForEncodings = 0;
			knownRegions = (
				Base,
				en,
			);
			mainGroup = 93AF8BA829380A1F74B3080F;
			minimizedProjectReferenceProxies = 1;
			packageReferences = (
				A3D1C217DDAE38F2108EBEA7 /* XCLocalSwiftPackageReference "Packages/NetMonitorCore" */,
				7BC6C0B438625FC120B3E9C4 /* XCLocalSwiftPackageReference "Packages/NetworkScanKit" */,
			);
			preferredProjectObjectVersion = 77;
			projectDirPath = "";
			projectRoot = "";
			targets = (
				B151786BC5800BC9BC47A22C /* NetMonitor-iOS */,
				BA9349CB56A8E5516B5F9B7C /* NetMonitor-iOSTests */,
				1F7C65C74B339FCF977C4759 /* NetMonitor-macOS */,
				55DBFE8BA4B4B55A24D71850 /* NetMonitor-macOSTests */,
			);
		};
/* End PBXProject section */

/* Begin PBXSourcesBuildPhase section */
		0A69C4D81868801AD156AF6A /* Sources */ = {
			isa = PBXSourcesBuildPhase;
			buildActionMask = 2147483647;
			files = (
				F9146C66C36F91FBDC836427 /* ARPScannerService.swift in Sources */,
				3DC5C0E092864EB34F5FB283 /* AddTargetSheet.swift in Sources */,
				629AADAEB92375F95E754952 /* AppearanceEnvironment.swift in Sources */,
				704495B08284EF7410FEA601 /* AppearanceSettingsView.swift in Sources */,
				699CF6B268AB30284754AF82 /* BonjourBrowserToolView.swift in Sources */,
				11F9D548CD3803D22AACED4B /* ColorExtension.swift in Sources */,
				9FF84B2FC67682AE1B9D9E52 /* CompanionMessageHandler.swift in Sources */,
				DBF706693023362544495469 /* CompanionService.swift in Sources */,
				B115BF5D739E30DCE0B42104 /* CompanionSettingsView.swift in Sources */,
				A094C7BA06EC5672908FC6AD /* ConnectionInfoCard.swift in Sources */,
				F6C65057555A7B3848C63A35 /* ContentView.swift in Sources */,
				26D987DF605D304854BB2D3A /* ContinuationTracker.swift in Sources */,
				538F4B8343CAE59B2359F496 /* DNSLookupToolView.swift in Sources */,
				E4BA4D79DDA79BE868B097C0 /* DashboardView.swift in Sources */,
				0A91865357171E9AB13C6E3D /* DataSettingsView.swift in Sources */,
				AE0BFBDBD49196ABF777518B /* DefaultTargetsProvider.swift in Sources */,
				4CC96EA143CB7A03C58AD8FF /* DeviceDetailView.swift in Sources */,
				77CED50CD8072ED9B9F87EC4 /* DeviceDiscoveryCoordinator.swift in Sources */,
				040D7C9436AF7952FF0DF1B8 /* DeviceNameResolver.swift in Sources */,
				FF16C7008539D9C78DCBB9F5 /* DeviceRowView.swift in Sources */,
				5D4B058BFA8125C350ADBB50 /* DevicesView.swift in Sources */,
				516EF4009098D3018F255138 /* EnumExtensions.swift in Sources */,
				0C10A0C43E7227793151C643 /* GatewayInfoCard.swift in Sources */,
				0AA7514D54E6807C05B93492 /* GeneralSettingsView.swift in Sources */,
				8E49595DB6E4ED2E0C4DDEF1 /* HTTPMonitorService.swift in Sources */,
				15074347191F7CA1E119CE79 /* ICMPMonitorService.swift in Sources */,
				7AEA2BCE64EF585A1AB3CB8E /* ISPInfoCard.swift in Sources */,
				BCFFD1BAF88C94F8A8316F0A /* ISPLookupService.swift in Sources */,
				5630E28B268BE6A263933DA7 /* LiveDurationView.swift in Sources */,
				AAF35FC2E47B9088503B00FF /* Logging.swift in Sources */,
				ACC95524FDB6D069334A6DE6 /* MacNetworkMonitor.swift in Sources */,
				097A650172E9B2C29CF796B3 /* MenuBarCommands.swift in Sources */,
				25860CEF3284B9B3375ED175 /* MenuBarController.swift in Sources */,
				8A2B73CB46EEE33E55704BCA /* MenuBarPopoverView.swift in Sources */,
				301CC08213317321977AB139 /* MonitoringSession.swift in Sources */,
				D656FAED2994985E6492A7F0 /* MonitoringSettingsView.swift in Sources */,
				68D9A9FF7937E73FE6F19BAF /* NetMonitorApp.swift in Sources */,
				FF6898C0C95598DCEB6D50F6 /* NetworkInfoService.swift in Sources */,
				FDE87C90F67B833E55AB9E3E /* NetworkSettingsView.swift in Sources */,
				0AC79B50B27FC4E46F840E0A /* NotificationSettingsView.swift in Sources */,
				E335213C27FEB11C10DE25F2 /* PingToolView.swift in Sources */,
				B90A3DA2C8AC570A246AC885 /* PortScannerToolView.swift in Sources */,
				40F4B26744E22BB9A735228A /* PreviewContainer.swift in Sources */,
				CED8C09278160415AEDA9EC4 /* QuickStatsBar.swift in Sources */,
				3DCD3D682BC9AEF8B4C0AA09 /* SchemaV1.swift in Sources */,
				E21F3C1C933FB5E391921523 /* SettingsView.swift in Sources */,
				5B741E94E2272DCF651DA501 /* ShellCommandRunner.swift in Sources */,
				2330438B644B8CF9BB92653B /* ShellPingService.swift in Sources */,
				C488DACDF755323BFB59DB28 /* SidebarView.swift in Sources */,
				81A7E24923789CEB591B26C2 /* SpeedTestToolView.swift in Sources */,
				0769624BDF7041B7D5BCC090 /* StatisticsService.swift in Sources */,
				149760505993AD328F8B9B66 /* TCPMonitorService.swift in Sources */,
				3E88AC49C2A878AB1006661D /* TargetStatisticsView.swift in Sources */,
				798AB782C2BDB4F99E17ED89 /* TargetsView.swift in Sources */,
				440037C2034642687BC2008D /* ToolSheetContainer.swift in Sources */,
				46A2AA640F5B4C1E7ED80A14 /* ToolsView.swift in Sources */,
				D4D3B95726C78BCAC7085754 /* TracerouteToolView.swift in Sources */,
				48F7A9075D2952F3E64F7899 /* WHOISToolView.swift in Sources */,
				DA37A7C2A8FAFD772C93C9A6 /* WakeOnLanAction.swift in Sources */,
				8CEE50A29FC6943DE98EABC3 /* WakeOnLanToolView.swift in Sources */,
				D36D133311A2A1347194DD61 /* WindowOpener.swift in Sources */,
			);
			runOnlyForDeploymentPostprocessing = 0;
		};
		20779BD7FAE12479C7F68989 /* Sources */ = {
			isa = PBXSourcesBuildPhase;
			buildActionMask = 2147483647;
			files = (
				D2DB215E781C3142A9F91B2E /* AppSettingsTests.swift in Sources */,
				4535749A6ABEA495B758D569 /* BonjourDiscoveryToolViewModelTests.swift in Sources */,
				8A05FC84D8DE655C0A4DD50C /* DNSLookupToolViewModelTests.swift in Sources */,
				72E137FE98FFCEB9477A7085 /* DashboardViewModelTests.swift in Sources */,
				556710009414ECC8ED17683B /* NetMonitor_iOSTests.swift in Sources */,
				310BA7BFB9EF86D0917DA6F7 /* NetworkMapViewModelTests.swift in Sources */,
				C557FD376DC02C0FFF46E49A /* PingToolViewModelTests.swift in Sources */,
				43224005F1DAA6CA62DC7826 /* PortScannerToolViewModelTests.swift in Sources */,
				9C2FC4CCB191BA03BD340929 /* SettingsViewModelTests.swift in Sources */,
				D28E60CDEB397AC57415859E /* SpeedTestToolViewModelTests.swift in Sources */,
				6DC157EE440BBCA2DF330049 /* ThemeTests.swift in Sources */,
				F485CCB7C3EB378B6A319C86 /* ToolsViewModelTests.swift in Sources */,
				EA4B868E587DBDB13D557C1C /* TracerouteToolViewModelTests.swift in Sources */,
				21029659A5E393FF4BE5174A /* WHOISToolViewModelTests.swift in Sources */,
				3991CE1F8A27D1664119ED50 /* WakeOnLANToolViewModelTests.swift in Sources */,
				2A7BBACFA21F038977E630C0 /* iOSMockServices.swift in Sources */,
			);
			runOnlyForDeploymentPostprocessing = 0;
		};
		51F41E664F89550B3C7052B8 /* Sources */ = {
			isa = PBXSourcesBuildPhase;
			buildActionMask = 2147483647;
			files = (
				DD662EDF2E1C33972E6BCC58 /* AcknowledgementsView.swift in Sources */,
				E85684BBC2BAB6CF1B79E110 /* AppSettings.swift in Sources */,
				DDB9CB792F522B464C563C42 /* BackgroundTaskService.swift in Sources */,
				07525B1F5935E5275173558F /* BonjourDiscoveryToolView.swift in Sources */,
				87073AF5E1F7C32B62C3286E /* BonjourDiscoveryToolViewModel.swift in Sources */,
				0339F8A0415336098C06AF55 /* ConnectionSettingsSection.swift in Sources */,
				34402C29A62FFE42C44A8B1D /* ContentView.swift in Sources */,
				4742A7592B450248C4D6ED08 /* DNSLookupToolView.swift in Sources */,
				D958E2D0E1D99521492335B0 /* DNSLookupToolViewModel.swift in Sources */,
				6EB5085FAF3E0BF2D8A781D3 /* DashboardView.swift in Sources */,
				BAE8F795EC272A7D31CEE82C /* DashboardViewModel.swift in Sources */,
				917220E28C0956215C93CDD0 /* DataExportService.swift in Sources */,
				7421E791C59575EAB33FD145 /* DataMaintenanceService.swift in Sources */,
				194EE73D3283999F3304585E /* DeviceDetailView.swift in Sources */,
				85EE6279FE466C8293D9C413 /* DeviceDetailViewModel.swift in Sources */,
				8F7A9368E876A861DAE933F1 /* DeviceListView.swift in Sources */,
				CD3296C39EEED39B4AEF5FE1 /* EmptyStateView.swift in Sources */,
				02F1D11D8040B5ABE82A311B /* GatewayService.swift in Sources */,
				8B9BC2466AACD7E261F5E8CC /* GlassButton.swift in Sources */,
				07AC9FAE35CF72270CED8F2B /* GlassCard.swift in Sources */,
				AAA4FFC237B612D2669BD194 /* MacConnectionService.swift in Sources */,
				5CBC25455BD53E05AF8525E6 /* MacPairingView.swift in Sources */,
				D653F4116C56708DB58398CB /* MetricCard.swift in Sources */,
				5A2C35B8FC5D5AA70DAC1BCC /* NetmonitorApp.swift in Sources */,
				5903179C79905B94BE133117 /* NetworkMapView.swift in Sources */,
				241A2654079777D121F0EB93 /* NetworkMapViewModel.swift in Sources */,
				4C606703D8CFF77BAB7C6C3A /* PingToolView.swift in Sources */,
				75D12772A3AB65312C865EA3 /* PingToolViewModel.swift in Sources */,
				2B73ACAF4F9968979D32807D /* PortScannerToolView.swift in Sources */,
				443BBA7B98165E5ADF205569 /* PortScannerToolViewModel.swift in Sources */,
				39530BBB571E24F123543EC2 /* PublicIPService.swift in Sources */,
				190838A3E12806448FE26392 /* SettingsView.swift in Sources */,
				E8B64E3BC3EAFA2983414C2B /* SettingsViewModel.swift in Sources */,
				2B84319D1809595E2FE1F6E1 /* SharedServices.swift in Sources */,
				E67A14D4200D3B2A5B267FCB /* SpeedTestToolView.swift in Sources */,
				FD5AC98FD980D7B89B2B3101 /* SpeedTestToolViewModel.swift in Sources */,
				9462D6AE8EBCC169F9F86831 /* StatusBadge.swift in Sources */,
				63B3CFDA4B5D45D8F95E7C9A /* TargetManager.swift in Sources */,
				108FB9030E26AEF7FC42E5CA /* Theme.swift in Sources */,
				786B256BFD473DBD6DE896B2 /* ThemeManager.swift in Sources */,
				371835A1F5DEBECB8B370DBE /* ToolClearButton.swift in Sources */,
				29799117EC4104E4510D2AF8 /* ToolInputField.swift in Sources */,
				EE0350D8E618851D49CA531A /* ToolResultRow.swift in Sources */,
				3C0465890341EF643095BBF9 /* ToolRunButton.swift in Sources */,
				79C76304B2BD1F2048134BF3 /* ToolStatisticsCard.swift in Sources */,
				B35A964B779E100AE621D5CA /* ToolsView.swift in Sources */,
				798F8FBF6A740CBFC37B2E2C /* ToolsViewModel.swift in Sources */,
				C79AA5C890E1B26523168091 /* TracerouteToolView.swift in Sources */,
				E746C6FF5CA5D2C37EB2E603 /* TracerouteToolViewModel.swift in Sources */,
				4937EB6D1A9EBB7B43A1DA48 /* WHOISToolView.swift in Sources */,
				0055D51F8BD23898CBE4228A /* WHOISToolViewModel.swift in Sources */,
				5BA0F5A4D9C7E3031154A0C4 /* WakeOnLANToolView.swift in Sources */,
				569AA70CC9C916BD5CD0F18C /* WakeOnLANToolViewModel.swift in Sources */,
				4F0B754BE3498779A22DDB1A /* WebBrowserToolView.swift in Sources */,
				26305CE06BC04D36606602D9 /* WiFiInfoService.swift in Sources */,
			);
			runOnlyForDeploymentPostprocessing = 0;
		};
		7CFE9A5F2A78402AEE96A53F /* Sources */ = {
			isa = PBXSourcesBuildPhase;
			buildActionMask = 2147483647;
			files = (
				361DED4620A404010182B2AC /* ContinuationTrackerTests.swift in Sources */,
				B215F1978E6F4EF994AB9B13 /* DefaultTargetsProviderTests.swift in Sources */,
				7F687E2AC8DF228885E5FCE3 /* NetMonitor_macOSTests.swift in Sources */,
				9AE5E98F27DA000B44CDB1B5 /* NetworkInfoServiceTests.swift in Sources */,
				0851A80ABC19553C1B783B24 /* ShellPingParserTests.swift in Sources */,
				F876FC8CDEBBE2D9233FA802 /* StatisticsServiceTests.swift in Sources */,
				6BAD6EDD7B3B66636B4FB6CA /* WakeOnLanActionTests.swift in Sources */,
			);
			runOnlyForDeploymentPostprocessing = 0;
		};
/* End PBXSourcesBuildPhase section */

/* Begin PBXTargetDependency section */
		488CC7436050C2FF07AD8B82 /* PBXTargetDependency */ = {
			isa = PBXTargetDependency;
			target = B151786BC5800BC9BC47A22C /* NetMonitor-iOS */;
			targetProxy = E282969DAF3D18AFA509F001 /* PBXContainerItemProxy */;
		};
		49E5A2C3B24B1F0CDA0623E8 /* PBXTargetDependency */ = {
			isa = PBXTargetDependency;
			target = 1F7C65C74B339FCF977C4759 /* NetMonitor-macOS */;
			targetProxy = B281D88E101141DB7F4049F1 /* PBXContainerItemProxy */;
		};
/* End PBXTargetDependency section */

/* Begin XCBuildConfiguration section */
		0D513A80888F6032F74E8FA1 /* Release */ = {
			isa = XCBuildConfiguration;
			buildSettings = {
				ASSETCATALOG_COMPILER_APPICON_NAME = AppIcon;
				CODE_SIGN_ENTITLEMENTS = "NetMonitor-macOS/Resources/NetMonitor-macOS.entitlements";
				CODE_SIGN_STYLE = Automatic;
				COMBINE_HIDPI_IMAGES = YES;
				DEVELOPMENT_TEAM = 32XZRDTGK3;
				INFOPLIST_FILE = "NetMonitor-macOS/Resources/Info.plist";
				LD_RUNPATH_SEARCH_PATHS = (
					"$(inherited)",
					"@executable_path/../Frameworks",
				);
				MACOSX_DEPLOYMENT_TARGET = 15.0;
				PRODUCT_BUNDLE_IDENTIFIER = com.jbcrane.NetMonitor;
				SDKROOT = macosx;
				SWIFT_STRICT_CONCURRENCY = complete;
				SWIFT_VERSION = 6.0;
			};
			name = Release;
		};
		0E14CCD6BE916FB52B06935F /* Release */ = {
			isa = XCBuildConfiguration;
			buildSettings = {
				ALWAYS_SEARCH_USER_PATHS = NO;
				CLANG_ANALYZER_NONNULL = YES;
				CLANG_ANALYZER_NUMBER_OBJECT_CONVERSION = YES_AGGRESSIVE;
				CLANG_CXX_LANGUAGE_STANDARD = "gnu++14";
				CLANG_CXX_LIBRARY = "libc++";
				CLANG_ENABLE_MODULES = YES;
				CLANG_ENABLE_OBJC_ARC = YES;
				CLANG_ENABLE_OBJC_WEAK = YES;
				CLANG_WARN_BLOCK_CAPTURE_AUTORELEASING = YES;
				CLANG_WARN_BOOL_CONVERSION = YES;
				CLANG_WARN_COMMA = YES;
				CLANG_WARN_CONSTANT_CONVERSION = YES;
				CLANG_WARN_DEPRECATED_OBJC_IMPLEMENTATIONS = YES;
				CLANG_WARN_DIRECT_OBJC_ISA_USAGE = YES_ERROR;
				CLANG_WARN_DOCUMENTATION_COMMENTS = YES;
				CLANG_WARN_EMPTY_BODY = YES;
				CLANG_WARN_ENUM_CONVERSION = YES;
				CLANG_WARN_INFINITE_RECURSION = YES;
				CLANG_WARN_INT_CONVERSION = YES;
				CLANG_WARN_NON_LITERAL_NULL_CONVERSION = YES;
				CLANG_WARN_OBJC_IMPLICIT_RETAIN_SELF = YES;
				CLANG_WARN_OBJC_LITERAL_CONVERSION = YES;
				CLANG_WARN_OBJC_ROOT_CLASS = YES_ERROR;
				CLANG_WARN_QUOTED_INCLUDE_IN_FRAMEWORK_HEADER = YES;
				CLANG_WARN_RANGE_LOOP_ANALYSIS = YES;
				CLANG_WARN_STRICT_PROTOTYPES = YES;
				CLANG_WARN_SUSPICIOUS_MOVE = YES;
				CLANG_WARN_UNGUARDED_AVAILABILITY = YES_AGGRESSIVE;
				CLANG_WARN_UNREACHABLE_CODE = YES;
				CLANG_WARN__DUPLICATE_METHOD_MATCH = YES;
				COPY_PHASE_STRIP = NO;
				DEBUG_INFORMATION_FORMAT = "dwarf-with-dsym";
				ENABLE_NS_ASSERTIONS = NO;
				ENABLE_STRICT_OBJC_MSGSEND = YES;
				GCC_C_LANGUAGE_STANDARD = gnu11;
				GCC_NO_COMMON_BLOCKS = YES;
				GCC_WARN_64_TO_32_BIT_CONVERSION = YES;
				GCC_WARN_ABOUT_RETURN_TYPE = YES_ERROR;
				GCC_WARN_UNDECLARED_SELECTOR = YES;
				GCC_WARN_UNINITIALIZED_AUTOS = YES_AGGRESSIVE;
				GCC_WARN_UNUSED_FUNCTION = YES;
				GCC_WARN_UNUSED_VARIABLE = YES;
				IPHONEOS_DEPLOYMENT_TARGET = 18.0;
				MACOSX_DEPLOYMENT_TARGET = 15.0;
				MTL_ENABLE_DEBUG_INFO = NO;
				MTL_FAST_MATH = YES;
				PRODUCT_NAME = "$(TARGET_NAME)";
				SWIFT_COMPILATION_MODE = wholemodule;
				SWIFT_OPTIMIZATION_LEVEL = "-O";
				SWIFT_VERSION = 5.0;
			};
			name = Release;
		};
		5D29F02D2D0ABA97E70F0F5D /* Debug */ = {
			isa = XCBuildConfiguration;
			buildSettings = {
				ASSETCATALOG_COMPILER_APPICON_NAME = AppIcon;
				CODE_SIGN_ENTITLEMENTS = "NetMonitor-macOS/Resources/NetMonitor-macOS.entitlements";
				CODE_SIGN_STYLE = Automatic;
				COMBINE_HIDPI_IMAGES = YES;
				DEVELOPMENT_TEAM = 32XZRDTGK3;
				INFOPLIST_FILE = "NetMonitor-macOS/Resources/Info.plist";
				LD_RUNPATH_SEARCH_PATHS = (
					"$(inherited)",
					"@executable_path/../Frameworks",
				);
				MACOSX_DEPLOYMENT_TARGET = 15.0;
				PRODUCT_BUNDLE_IDENTIFIER = com.jbcrane.NetMonitor;
				SDKROOT = macosx;
				SWIFT_STRICT_CONCURRENCY = complete;
				SWIFT_VERSION = 6.0;
			};
			name = Debug;
		};
		5E2EFF7042524E017FD0DB22 /* Release */ = {
			isa = XCBuildConfiguration;
			buildSettings = {
				BUNDLE_LOADER = "$(TEST_HOST)";
				COMBINE_HIDPI_IMAGES = YES;
				DEVELOPMENT_TEAM = 32XZRDTGK3;
				GENERATE_INFOPLIST_FILE = YES;
				LD_RUNPATH_SEARCH_PATHS = (
					"$(inherited)",
					"@executable_path/../Frameworks",
					"@loader_path/../Frameworks",
				);
				MACOSX_DEPLOYMENT_TARGET = 15.0;
				PRODUCT_BUNDLE_IDENTIFIER = "com.NetMonitor-macOSTests";
				SDKROOT = macosx;
				SWIFT_STRICT_CONCURRENCY = complete;
				SWIFT_VERSION = 6.0;
				TEST_HOST = "$(BUILT_PRODUCTS_DIR)/NetMonitor-macOS.app/Contents/MacOS/NetMonitor-macOS";
			};
			name = Release;
		};
		73BF91E4D482556D9AF8885E /* Debug */ = {
			isa = XCBuildConfiguration;
			buildSettings = {
				BUNDLE_LOADER = "$(TEST_HOST)";
				COMBINE_HIDPI_IMAGES = YES;
				DEVELOPMENT_TEAM = 32XZRDTGK3;
				GENERATE_INFOPLIST_FILE = YES;
				LD_RUNPATH_SEARCH_PATHS = (
					"$(inherited)",
					"@executable_path/../Frameworks",
					"@loader_path/../Frameworks",
				);
				MACOSX_DEPLOYMENT_TARGET = 15.0;
				PRODUCT_BUNDLE_IDENTIFIER = "com.NetMonitor-macOSTests";
				SDKROOT = macosx;
				SWIFT_STRICT_CONCURRENCY = complete;
				SWIFT_VERSION = 6.0;
				TEST_HOST = "$(BUILT_PRODUCTS_DIR)/NetMonitor-macOS.app/Contents/MacOS/NetMonitor-macOS";
			};
			name = Debug;
		};
		7EC357DB1F6BC7CF07B9AFF6 /* Release */ = {
			isa = XCBuildConfiguration;
			buildSettings = {
				BUNDLE_LOADER = "$(TEST_HOST)";
				DEVELOPMENT_TEAM = 32XZRDTGK3;
				GENERATE_INFOPLIST_FILE = YES;
				IPHONEOS_DEPLOYMENT_TARGET = 18.0;
				LD_RUNPATH_SEARCH_PATHS = (
					"$(inherited)",
					"@executable_path/Frameworks",
					"@loader_path/Frameworks",
				);
				PRODUCT_BUNDLE_IDENTIFIER = "com.NetMonitor-iOSTests";
				SDKROOT = iphoneos;
				SWIFT_STRICT_CONCURRENCY = complete;
				SWIFT_VERSION = 6.0;
				TARGETED_DEVICE_FAMILY = "1,2";
				TEST_HOST = "$(BUILT_PRODUCTS_DIR)/NetMonitor-iOS.app/NetMonitor-iOS";
			};
			name = Release;
		};
		835D3D59A0AE54E9A78C8090 /* Debug */ = {
			isa = XCBuildConfiguration;
			buildSettings = {
				BUNDLE_LOADER = "$(TEST_HOST)";
				DEVELOPMENT_TEAM = 32XZRDTGK3;
				GENERATE_INFOPLIST_FILE = YES;
				IPHONEOS_DEPLOYMENT_TARGET = 18.0;
				LD_RUNPATH_SEARCH_PATHS = (
					"$(inherited)",
					"@executable_path/Frameworks",
					"@loader_path/Frameworks",
				);
				PRODUCT_BUNDLE_IDENTIFIER = "com.NetMonitor-iOSTests";
				SDKROOT = iphoneos;
				SWIFT_STRICT_CONCURRENCY = complete;
				SWIFT_VERSION = 6.0;
				TARGETED_DEVICE_FAMILY = "1,2";
				TEST_HOST = "$(BUILT_PRODUCTS_DIR)/NetMonitor-iOS.app/NetMonitor-iOS";
			};
			name = Debug;
		};
		8529696C406AF443863694FB /* Debug */ = {
			isa = XCBuildConfiguration;
			buildSettings = {
				ALWAYS_SEARCH_USER_PATHS = NO;
				CLANG_ANALYZER_NONNULL = YES;
				CLANG_ANALYZER_NUMBER_OBJECT_CONVERSION = YES_AGGRESSIVE;
				CLANG_CXX_LANGUAGE_STANDARD = "gnu++14";
				CLANG_CXX_LIBRARY = "libc++";
				CLANG_ENABLE_MODULES = YES;
				CLANG_ENABLE_OBJC_ARC = YES;
				CLANG_ENABLE_OBJC_WEAK = YES;
				CLANG_WARN_BLOCK_CAPTURE_AUTORELEASING = YES;
				CLANG_WARN_BOOL_CONVERSION = YES;
				CLANG_WARN_COMMA = YES;
				CLANG_WARN_CONSTANT_CONVERSION = YES;
				CLANG_WARN_DEPRECATED_OBJC_IMPLEMENTATIONS = YES;
				CLANG_WARN_DIRECT_OBJC_ISA_USAGE = YES_ERROR;
				CLANG_WARN_DOCUMENTATION_COMMENTS = YES;
				CLANG_WARN_EMPTY_BODY = YES;
				CLANG_WARN_ENUM_CONVERSION = YES;
				CLANG_WARN_INFINITE_RECURSION = YES;
				CLANG_WARN_INT_CONVERSION = YES;
				CLANG_WARN_NON_LITERAL_NULL_CONVERSION = YES;
				CLANG_WARN_OBJC_IMPLICIT_RETAIN_SELF = YES;
				CLANG_WARN_OBJC_LITERAL_CONVERSION = YES;
				CLANG_WARN_OBJC_ROOT_CLASS = YES_ERROR;
				CLANG_WARN_QUOTED_INCLUDE_IN_FRAMEWORK_HEADER = YES;
				CLANG_WARN_RANGE_LOOP_ANALYSIS = YES;
				CLANG_WARN_STRICT_PROTOTYPES = YES;
				CLANG_WARN_SUSPICIOUS_MOVE = YES;
				CLANG_WARN_UNGUARDED_AVAILABILITY = YES_AGGRESSIVE;
				CLANG_WARN_UNREACHABLE_CODE = YES;
				CLANG_WARN__DUPLICATE_METHOD_MATCH = YES;
				COPY_PHASE_STRIP = NO;
				DEBUG_INFORMATION_FORMAT = dwarf;
				ENABLE_STRICT_OBJC_MSGSEND = YES;
				ENABLE_TESTABILITY = YES;
				GCC_C_LANGUAGE_STANDARD = gnu11;
				GCC_DYNAMIC_NO_PIC = NO;
				GCC_NO_COMMON_BLOCKS = YES;
				GCC_OPTIMIZATION_LEVEL = 0;
				GCC_PREPROCESSOR_DEFINITIONS = (
					"$(inherited)",
					"DEBUG=1",
				);
				GCC_WARN_64_TO_32_BIT_CONVERSION = YES;
				GCC_WARN_ABOUT_RETURN_TYPE = YES_ERROR;
				GCC_WARN_UNDECLARED_SELECTOR = YES;
				GCC_WARN_UNINITIALIZED_AUTOS = YES_AGGRESSIVE;
				GCC_WARN_UNUSED_FUNCTION = YES;
				GCC_WARN_UNUSED_VARIABLE = YES;
				IPHONEOS_DEPLOYMENT_TARGET = 18.0;
				MACOSX_DEPLOYMENT_TARGET = 15.0;
				MTL_ENABLE_DEBUG_INFO = INCLUDE_SOURCE;
				MTL_FAST_MATH = YES;
				ONLY_ACTIVE_ARCH = YES;
				PRODUCT_NAME = "$(TARGET_NAME)";
				SWIFT_ACTIVE_COMPILATION_CONDITIONS = DEBUG;
				SWIFT_OPTIMIZATION_LEVEL = "-Onone";
				SWIFT_VERSION = 5.0;
			};
			name = Debug;
		};
		913F9A11E93E6D3C7F410D1C /* Release */ = {
			isa = XCBuildConfiguration;
			buildSettings = {
				ASSETCATALOG_COMPILER_APPICON_NAME = AppIcon;
				CODE_SIGN_IDENTITY = "iPhone Developer";
				CODE_SIGN_STYLE = Automatic;
				DEVELOPMENT_TEAM = 32XZRDTGK3;
				INFOPLIST_FILE = "NetMonitor-iOS/Resources/Info.plist";
				IPHONEOS_DEPLOYMENT_TARGET = 18.0;
				LD_RUNPATH_SEARCH_PATHS = (
					"$(inherited)",
					"@executable_path/Frameworks",
				);
				PRODUCT_BUNDLE_IDENTIFIER = com.blakemiller.netmonitor;
				SDKROOT = iphoneos;
				SWIFT_STRICT_CONCURRENCY = complete;
				SWIFT_VERSION = 6.0;
				TARGETED_DEVICE_FAMILY = "1,2";
			};
			name = Release;
		};
		C87E3540A98DC61B077D458F /* Debug */ = {
			isa = XCBuildConfiguration;
			buildSettings = {
				ASSETCATALOG_COMPILER_APPICON_NAME = AppIcon;
				CODE_SIGN_IDENTITY = "iPhone Developer";
				CODE_SIGN_STYLE = Automatic;
				DEVELOPMENT_TEAM = 32XZRDTGK3;
				INFOPLIST_FILE = "NetMonitor-iOS/Resources/Info.plist";
				IPHONEOS_DEPLOYMENT_TARGET = 18.0;
				LD_RUNPATH_SEARCH_PATHS = (
					"$(inherited)",
					"@executable_path/Frameworks",
				);
				PRODUCT_BUNDLE_IDENTIFIER = com.blakemiller.netmonitor;
				SDKROOT = iphoneos;
				SWIFT_STRICT_CONCURRENCY = complete;
				SWIFT_VERSION = 6.0;
				TARGETED_DEVICE_FAMILY = "1,2";
			};
			name = Debug;
		};
/* End XCBuildConfiguration section */

/* Begin XCConfigurationList section */
		21FF443B62CD5C892E54B0AC /* Build configuration list for PBXProject "NetMonitor-2.0" */ = {
			isa = XCConfigurationList;
			buildConfigurations = (
				8529696C406AF443863694FB /* Debug */,
				0E14CCD6BE916FB52B06935F /* Release */,
			);
			defaultConfigurationIsVisible = 0;
			defaultConfigurationName = Debug;
		};
		78D734772E967CCF032C3A12 /* Build configuration list for PBXNativeTarget "NetMonitor-macOSTests" */ = {
			isa = XCConfigurationList;
			buildConfigurations = (
				73BF91E4D482556D9AF8885E /* Debug */,
				5E2EFF7042524E017FD0DB22 /* Release */,
			);
			defaultConfigurationIsVisible = 0;
			defaultConfigurationName = Debug;
		};
		9FCF4DF887ED2A48453D8715 /* Build configuration list for PBXNativeTarget "NetMonitor-iOSTests" */ = {
			isa = XCConfigurationList;
			buildConfigurations = (
				835D3D59A0AE54E9A78C8090 /* Debug */,
				7EC357DB1F6BC7CF07B9AFF6 /* Release */,
			);
			defaultConfigurationIsVisible = 0;
			defaultConfigurationName = Debug;
		};
		A2488BAF43E3180C8A442C89 /* Build configuration list for PBXNativeTarget "NetMonitor-macOS" */ = {
			isa = XCConfigurationList;
			buildConfigurations = (
				5D29F02D2D0ABA97E70F0F5D /* Debug */,
				0D513A80888F6032F74E8FA1 /* Release */,
			);
			defaultConfigurationIsVisible = 0;
			defaultConfigurationName = Debug;
		};
		ECFDBF239A68C89B10D0BB5F /* Build configuration list for PBXNativeTarget "NetMonitor-iOS" */ = {
			isa = XCConfigurationList;
			buildConfigurations = (
				C87E3540A98DC61B077D458F /* Debug */,
				913F9A11E93E6D3C7F410D1C /* Release */,
			);
			defaultConfigurationIsVisible = 0;
			defaultConfigurationName = Debug;
		};
/* End XCConfigurationList section */

/* Begin XCLocalSwiftPackageReference section */
		7BC6C0B438625FC120B3E9C4 /* XCLocalSwiftPackageReference "Packages/NetworkScanKit" */ = {
			isa = XCLocalSwiftPackageReference;
			relativePath = Packages/NetworkScanKit;
		};
		A3D1C217DDAE38F2108EBEA7 /* XCLocalSwiftPackageReference "Packages/NetMonitorCore" */ = {
			isa = XCLocalSwiftPackageReference;
			relativePath = Packages/NetMonitorCore;
		};
/* End XCLocalSwiftPackageReference section */

/* Begin XCSwiftPackageProductDependency section */
		10413F37B7E14DFA43ECEFC4 /* NetMonitorCore */ = {
			isa = XCSwiftPackageProductDependency;
			productName = NetMonitorCore;
		};
		14829B830C3C5DDA15673A6B /* NetMonitorCore */ = {
			isa = XCSwiftPackageProductDependency;
			productName = NetMonitorCore;
		};
		2444F3328A44BCB7297D4E29 /* NetMonitorCore */ = {
			isa = XCSwiftPackageProductDependency;
			productName = NetMonitorCore;
		};
		388FA7FB80CF030C402B66D5 /* NetworkScanKit */ = {
			isa = XCSwiftPackageProductDependency;
			productName = NetworkScanKit;
		};
		8887BED82A4320C8CAFBA574 /* NetworkScanKit */ = {
			isa = XCSwiftPackageProductDependency;
			productName = NetworkScanKit;
		};
		C0F47FE6FA4E6294CF46C936 /* NetworkScanKit */ = {
			isa = XCSwiftPackageProductDependency;
			productName = NetworkScanKit;
		};
/* End XCSwiftPackageProductDependency section */
	};
	rootObject = 4FB80C4151AD239413B6733F /* Project object */;
}
